// !$*UTF8*$!
{
	archiveVersion = 1;
	classes = {
	};
	objectVersion = 50;
	objects = {

/* Begin PBXBuildFile section */
		212FD4D420F318350080208C /* RingtoneDetailVC.swift in Sources */ = {isa = PBXBuildFile; fileRef = 212FD4D320F318350080208C /* RingtoneDetailVC.swift */; };
		212FD4D620F33AB80080208C /* SettingsVC.swift in Sources */ = {isa = PBXBuildFile; fileRef = 212FD4D520F33AB80080208C /* SettingsVC.swift */; };
		212FD4D820F372E90080208C /* ImagepopUP.swift in Sources */ = {isa = PBXBuildFile; fileRef = 212FD4D720F372E90080208C /* ImagepopUP.swift */; };
		213912DF20F7471F009AF23C /* RoundCornerProgressView.swift in Sources */ = {isa = PBXBuildFile; fileRef = 213912DE20F7471F009AF23C /* RoundCornerProgressView.swift */; };
		214510FD20ECA97700956ECC /* webservices.swift in Sources */ = {isa = PBXBuildFile; fileRef = 214510FC20ECA97700956ECC /* webservices.swift */; };
		2145110020ECD3B600956ECC /* SWRevealViewController.m in Sources */ = {isa = PBXBuildFile; fileRef = 214510FF20ECD3B600956ECC /* SWRevealViewController.m */; };
		2145110320ECD68F00956ECC /* sidemenuViewController.swift in Sources */ = {isa = PBXBuildFile; fileRef = 2145110220ECD68F00956ECC /* sidemenuViewController.swift */; };
		2145110620ECD75600956ECC /* LoginResponse.swift in Sources */ = {isa = PBXBuildFile; fileRef = 2145110520ECD75600956ECC /* LoginResponse.swift */; };
		2145110820ECD9FB00956ECC /* WallpaperListVC.swift in Sources */ = {isa = PBXBuildFile; fileRef = 2145110720ECD9FA00956ECC /* WallpaperListVC.swift */; };
		214DC37F20F47B81003711EC /* FavouriteListVC.swift in Sources */ = {isa = PBXBuildFile; fileRef = 214DC37E20F47B81003711EC /* FavouriteListVC.swift */; };
		214DC38120F48DFB003711EC /* FavouriteWallpaer.swift in Sources */ = {isa = PBXBuildFile; fileRef = 214DC38020F48DFB003711EC /* FavouriteWallpaer.swift */; };
		214DC38320F49868003711EC /* FavouriteRingtone.swift in Sources */ = {isa = PBXBuildFile; fileRef = 214DC38220F49868003711EC /* FavouriteRingtone.swift */; };
		21552DC720DB8DA3002872B3 /* AppDelegate.swift in Sources */ = {isa = PBXBuildFile; fileRef = 21552DC620DB8DA3002872B3 /* AppDelegate.swift */; };
		21552DC920DB8DA3002872B3 /* ViewController.swift in Sources */ = {isa = PBXBuildFile; fileRef = 21552DC820DB8DA3002872B3 /* ViewController.swift */; };
		21552DCC20DB8DA3002872B3 /* Main.storyboard in Resources */ = {isa = PBXBuildFile; fileRef = 21552DCA20DB8DA3002872B3 /* Main.storyboard */; };
		21552DCE20DB8DA6002872B3 /* Assets.xcassets in Resources */ = {isa = PBXBuildFile; fileRef = 21552DCD20DB8DA6002872B3 /* Assets.xcassets */; };
		21552DD120DB8DA6002872B3 /* LaunchScreen.storyboard in Resources */ = {isa = PBXBuildFile; fileRef = 21552DCF20DB8DA6002872B3 /* LaunchScreen.storyboard */; };
		21552DDC20DB8DA7002872B3 /* WalltonesTests.swift in Sources */ = {isa = PBXBuildFile; fileRef = 21552DDB20DB8DA7002872B3 /* WalltonesTests.swift */; };
		21552DE720DB8DA7002872B3 /* WalltonesUITests.swift in Sources */ = {isa = PBXBuildFile; fileRef = 21552DE620DB8DA7002872B3 /* WalltonesUITests.swift */; };
		21552DF920DB90FE002872B3 /* Reachability.m in Sources */ = {isa = PBXBuildFile; fileRef = 21552DF820DB90FE002872B3 /* Reachability.m */; };
		21552E0020DB965B002872B3 /* Bolts.framework in Frameworks */ = {isa = PBXBuildFile; fileRef = 21552DFB20DB9659002872B3 /* Bolts.framework */; };
		21552E0120DB965B002872B3 /* FBSDKLoginKit.framework in Frameworks */ = {isa = PBXBuildFile; fileRef = 21552DFC20DB9659002872B3 /* FBSDKLoginKit.framework */; };
		21552E0220DB965B002872B3 /* FBSDKCoreKit.framework in Frameworks */ = {isa = PBXBuildFile; fileRef = 21552DFD20DB965A002872B3 /* FBSDKCoreKit.framework */; };
		21552E0320DB965B002872B3 /* FBNotifications.framework in Frameworks */ = {isa = PBXBuildFile; fileRef = 21552DFE20DB965B002872B3 /* FBNotifications.framework */; };
		21552E0620DB9682002872B3 /* FBSDKShareKit.framework in Frameworks */ = {isa = PBXBuildFile; fileRef = 21552E0520DB9681002872B3 /* FBSDKShareKit.framework */; };
		21552E0820DBAACD002872B3 /* GoogleService-Info.plist in Resources */ = {isa = PBXBuildFile; fileRef = 21552E0720DBAACD002872B3 /* GoogleService-Info.plist */; };
		21552E0A20DBC82B002872B3 /* LoginVC.swift in Sources */ = {isa = PBXBuildFile; fileRef = 21552E0920DBC82B002872B3 /* LoginVC.swift */; };
		216D41A720E244BC0079175F /* SignUpVC.swift in Sources */ = {isa = PBXBuildFile; fileRef = 216D41A620E244BC0079175F /* SignUpVC.swift */; };
		217251D720EF5F1800B56B80 /* Allringtonelist.swift in Sources */ = {isa = PBXBuildFile; fileRef = 217251D620EF5F1800B56B80 /* Allringtonelist.swift */; };
		217251DA20EF8BC500B56B80 /* TotalringtonelistCell.swift in Sources */ = {isa = PBXBuildFile; fileRef = 217251D820EF8BC500B56B80 /* TotalringtonelistCell.swift */; };
		217251DB20EF8BC500B56B80 /* TotalringtonelistCell.xib in Resources */ = {isa = PBXBuildFile; fileRef = 217251D920EF8BC500B56B80 /* TotalringtonelistCell.xib */; };
		21A0323320F384320007D60F /* HelpVC.swift in Sources */ = {isa = PBXBuildFile; fileRef = 21A0323220F384320007D60F /* HelpVC.swift */; };
		21D8DD1720FC531800D50217 /* DownloadVC.swift in Sources */ = {isa = PBXBuildFile; fileRef = 21D8DD1620FC531800D50217 /* DownloadVC.swift */; };
		21D8DD1920FC579500D50217 /* Downloadedringtone.swift in Sources */ = {isa = PBXBuildFile; fileRef = 21D8DD1820FC579500D50217 /* Downloadedringtone.swift */; };
		21D8DD1B20FC5A2D00D50217 /* Downloadedwallpaper.swift in Sources */ = {isa = PBXBuildFile; fileRef = 21D8DD1A20FC5A2D00D50217 /* Downloadedwallpaper.swift */; };
		21D8DD1D20FC9FBE00D50217 /* SetRingtoneVC.swift in Sources */ = {isa = PBXBuildFile; fileRef = 21D8DD1C20FC9FBE00D50217 /* SetRingtoneVC.swift */; };
		21F9D18D20EDE6A10051A25F /* WallpaperDetilVC.swift in Sources */ = {isa = PBXBuildFile; fileRef = 21F9D18C20EDE6A10051A25F /* WallpaperDetilVC.swift */; };
		21F9D18F20EE1D7A0051A25F /* RingtoneListVC.swift in Sources */ = {isa = PBXBuildFile; fileRef = 21F9D18E20EE1D7A0051A25F /* RingtoneListVC.swift */; };
		21F9D19120EE22870051A25F /* RIngtonelistCell.swift in Sources */ = {isa = PBXBuildFile; fileRef = 21F9D19020EE22870051A25F /* RIngtonelistCell.swift */; };
		21F9D19320EE263B0051A25F /* RingtoneCat.swift in Sources */ = {isa = PBXBuildFile; fileRef = 21F9D19220EE263B0051A25F /* RingtoneCat.swift */; };
		21F9D19520EE277F0051A25F /* Ringtonelist.swift in Sources */ = {isa = PBXBuildFile; fileRef = 21F9D19420EE277F0051A25F /* Ringtonelist.swift */; };
		21F9D19920EE3EA60051A25F /* Allwallpaperlist.swift in Sources */ = {isa = PBXBuildFile; fileRef = 21F9D19820EE3EA60051A25F /* Allwallpaperlist.swift */; };
		21F9D19C20EE4DB60051A25F /* AllwallpaperListCell.swift in Sources */ = {isa = PBXBuildFile; fileRef = 21F9D19A20EE4DB60051A25F /* AllwallpaperListCell.swift */; };
		21F9D19D20EE4DB60051A25F /* AllwallpaperListCell.xib in Resources */ = {isa = PBXBuildFile; fileRef = 21F9D19B20EE4DB60051A25F /* AllwallpaperListCell.xib */; };
		21FA025F20ECE9F40057442E /* WallpaperListCell.swift in Sources */ = {isa = PBXBuildFile; fileRef = 21FA025D20ECE9F40057442E /* WallpaperListCell.swift */; };
		21FA026020ECE9F40057442E /* WallpaperListCell.xib in Resources */ = {isa = PBXBuildFile; fileRef = 21FA025E20ECE9F40057442E /* WallpaperListCell.xib */; };
		21FA026220ECECD00057442E /* WallpaperCategorycell.swift in Sources */ = {isa = PBXBuildFile; fileRef = 21FA026120ECECD00057442E /* WallpaperCategorycell.swift */; };
		21FA026420ECEFAA0057442E /* WallpaperCatRes.swift in Sources */ = {isa = PBXBuildFile; fileRef = 21FA026320ECEFAA0057442E /* WallpaperCatRes.swift */; };
		21FA026620ED01F20057442E /* WallpaperList.swift in Sources */ = {isa = PBXBuildFile; fileRef = 21FA026520ED01F20057442E /* WallpaperList.swift */; };
		D9D91ECA57A42AA099098214 /* Pods_WalltonesTests.framework in Frameworks */ = {isa = PBXBuildFile; fileRef = 7F3057E30E0B403CD77A2DC7 /* Pods_WalltonesTests.framework */; };
		EE7003B4264760E5F5800D6F /* Pods_WalltonesUITests.framework in Frameworks */ = {isa = PBXBuildFile; fileRef = 472ED79182F726CDDFF8F7CC /* Pods_WalltonesUITests.framework */; };
		FE6D162FD0A5B4F5FBE795FA /* Pods_Walltones.framework in Frameworks */ = {isa = PBXBuildFile; fileRef = 2A2EC979DD83E8A5F82756AE /* Pods_Walltones.framework */; };
/* End PBXBuildFile section */

/* Begin PBXContainerItemProxy section */
		21552DD820DB8DA7002872B3 /* PBXContainerItemProxy */ = {
			isa = PBXContainerItemProxy;
			containerPortal = 21552DBB20DB8DA3002872B3 /* Project object */;
			proxyType = 1;
			remoteGlobalIDString = 21552DC220DB8DA3002872B3;
			remoteInfo = Walltones;
		};
		21552DE320DB8DA7002872B3 /* PBXContainerItemProxy */ = {
			isa = PBXContainerItemProxy;
			containerPortal = 21552DBB20DB8DA3002872B3 /* Project object */;
			proxyType = 1;
			remoteGlobalIDString = 21552DC220DB8DA3002872B3;
			remoteInfo = Walltones;
		};
/* End PBXContainerItemProxy section */

/* Begin PBXFileReference section */
		212FD4D320F318350080208C /* RingtoneDetailVC.swift */ = {isa = PBXFileReference; lastKnownFileType = sourcecode.swift; path = RingtoneDetailVC.swift; sourceTree = "<group>"; };
		212FD4D520F33AB80080208C /* SettingsVC.swift */ = {isa = PBXFileReference; lastKnownFileType = sourcecode.swift; path = SettingsVC.swift; sourceTree = "<group>"; };
		212FD4D720F372E90080208C /* ImagepopUP.swift */ = {isa = PBXFileReference; lastKnownFileType = sourcecode.swift; path = ImagepopUP.swift; sourceTree = "<group>"; };
		213912DE20F7471F009AF23C /* RoundCornerProgressView.swift */ = {isa = PBXFileReference; fileEncoding = 4; lastKnownFileType = sourcecode.swift; path = RoundCornerProgressView.swift; sourceTree = "<group>"; };
		214510FB20ECA44B00956ECC /* Walltones.entitlements */ = {isa = PBXFileReference; lastKnownFileType = text.plist.entitlements; path = Walltones.entitlements; sourceTree = "<group>"; };
		214510FC20ECA97700956ECC /* webservices.swift */ = {isa = PBXFileReference; lastKnownFileType = sourcecode.swift; path = webservices.swift; sourceTree = "<group>"; };
		214510FE20ECD3B600956ECC /* SWRevealViewController.h */ = {isa = PBXFileReference; fileEncoding = 4; lastKnownFileType = sourcecode.c.h; path = SWRevealViewController.h; sourceTree = "<group>"; };
		214510FF20ECD3B600956ECC /* SWRevealViewController.m */ = {isa = PBXFileReference; fileEncoding = 4; lastKnownFileType = sourcecode.c.objc; path = SWRevealViewController.m; sourceTree = "<group>"; };
		2145110220ECD68F00956ECC /* sidemenuViewController.swift */ = {isa = PBXFileReference; fileEncoding = 4; lastKnownFileType = sourcecode.swift; path = sidemenuViewController.swift; sourceTree = "<group>"; };
		2145110520ECD75600956ECC /* LoginResponse.swift */ = {isa = PBXFileReference; fileEncoding = 4; lastKnownFileType = sourcecode.swift; path = LoginResponse.swift; sourceTree = "<group>"; };
		2145110720ECD9FA00956ECC /* WallpaperListVC.swift */ = {isa = PBXFileReference; lastKnownFileType = sourcecode.swift; path = WallpaperListVC.swift; sourceTree = "<group>"; };
		214DC37E20F47B81003711EC /* FavouriteListVC.swift */ = {isa = PBXFileReference; lastKnownFileType = sourcecode.swift; path = FavouriteListVC.swift; sourceTree = "<group>"; };
		214DC38020F48DFB003711EC /* FavouriteWallpaer.swift */ = {isa = PBXFileReference; lastKnownFileType = sourcecode.swift; path = FavouriteWallpaer.swift; sourceTree = "<group>"; };
		214DC38220F49868003711EC /* FavouriteRingtone.swift */ = {isa = PBXFileReference; lastKnownFileType = sourcecode.swift; path = FavouriteRingtone.swift; sourceTree = "<group>"; };
		21552DC320DB8DA3002872B3 /* Walltunes.app */ = {isa = PBXFileReference; explicitFileType = wrapper.application; includeInIndex = 0; path = Walltunes.app; sourceTree = BUILT_PRODUCTS_DIR; };
		21552DC620DB8DA3002872B3 /* AppDelegate.swift */ = {isa = PBXFileReference; lastKnownFileType = sourcecode.swift; path = AppDelegate.swift; sourceTree = "<group>"; };
		21552DC820DB8DA3002872B3 /* ViewController.swift */ = {isa = PBXFileReference; lastKnownFileType = sourcecode.swift; path = ViewController.swift; sourceTree = "<group>"; };
		21552DCB20DB8DA3002872B3 /* Base */ = {isa = PBXFileReference; lastKnownFileType = file.storyboard; name = Base; path = Base.lproj/Main.storyboard; sourceTree = "<group>"; };
		21552DCD20DB8DA6002872B3 /* Assets.xcassets */ = {isa = PBXFileReference; lastKnownFileType = folder.assetcatalog; path = Assets.xcassets; sourceTree = "<group>"; };
		21552DD020DB8DA6002872B3 /* Base */ = {isa = PBXFileReference; lastKnownFileType = file.storyboard; name = Base; path = Base.lproj/LaunchScreen.storyboard; sourceTree = "<group>"; };
		21552DD220DB8DA6002872B3 /* Info.plist */ = {isa = PBXFileReference; lastKnownFileType = text.plist.xml; path = Info.plist; sourceTree = "<group>"; };
		21552DD720DB8DA7002872B3 /* WalltonesTests.xctest */ = {isa = PBXFileReference; explicitFileType = wrapper.cfbundle; includeInIndex = 0; path = WalltonesTests.xctest; sourceTree = BUILT_PRODUCTS_DIR; };
		21552DDB20DB8DA7002872B3 /* WalltonesTests.swift */ = {isa = PBXFileReference; lastKnownFileType = sourcecode.swift; path = WalltonesTests.swift; sourceTree = "<group>"; };
		21552DDD20DB8DA7002872B3 /* Info.plist */ = {isa = PBXFileReference; lastKnownFileType = text.plist.xml; path = Info.plist; sourceTree = "<group>"; };
		21552DE220DB8DA7002872B3 /* WalltonesUITests.xctest */ = {isa = PBXFileReference; explicitFileType = wrapper.cfbundle; includeInIndex = 0; path = WalltonesUITests.xctest; sourceTree = BUILT_PRODUCTS_DIR; };
		21552DE620DB8DA7002872B3 /* WalltonesUITests.swift */ = {isa = PBXFileReference; lastKnownFileType = sourcecode.swift; path = WalltonesUITests.swift; sourceTree = "<group>"; };
		21552DE820DB8DA7002872B3 /* Info.plist */ = {isa = PBXFileReference; lastKnownFileType = text.plist.xml; path = Info.plist; sourceTree = "<group>"; };
		21552DF620DB90FD002872B3 /* Walltones-Bridging-Header.h */ = {isa = PBXFileReference; lastKnownFileType = sourcecode.c.h; path = "Walltones-Bridging-Header.h"; sourceTree = "<group>"; };
		21552DF720DB90FE002872B3 /* Reachability.h */ = {isa = PBXFileReference; fileEncoding = 4; lastKnownFileType = sourcecode.c.h; path = Reachability.h; sourceTree = "<group>"; };
		21552DF820DB90FE002872B3 /* Reachability.m */ = {isa = PBXFileReference; fileEncoding = 4; lastKnownFileType = sourcecode.c.objc; path = Reachability.m; sourceTree = "<group>"; };
		21552DFB20DB9659002872B3 /* Bolts.framework */ = {isa = PBXFileReference; lastKnownFileType = wrapper.framework; path = Bolts.framework; sourceTree = "<group>"; };
		21552DFC20DB9659002872B3 /* FBSDKLoginKit.framework */ = {isa = PBXFileReference; lastKnownFileType = wrapper.framework; path = FBSDKLoginKit.framework; sourceTree = "<group>"; };
		21552DFD20DB965A002872B3 /* FBSDKCoreKit.framework */ = {isa = PBXFileReference; lastKnownFileType = wrapper.framework; path = FBSDKCoreKit.framework; sourceTree = "<group>"; };
		21552DFE20DB965B002872B3 /* FBNotifications.framework */ = {isa = PBXFileReference; lastKnownFileType = wrapper.framework; path = FBNotifications.framework; sourceTree = "<group>"; };
		21552E0520DB9681002872B3 /* FBSDKShareKit.framework */ = {isa = PBXFileReference; lastKnownFileType = wrapper.framework; path = FBSDKShareKit.framework; sourceTree = "<group>"; };
		21552E0720DBAACD002872B3 /* GoogleService-Info.plist */ = {isa = PBXFileReference; fileEncoding = 4; lastKnownFileType = text.plist.xml; path = "GoogleService-Info.plist"; sourceTree = "<group>"; };
		21552E0920DBC82B002872B3 /* LoginVC.swift */ = {isa = PBXFileReference; lastKnownFileType = sourcecode.swift; path = LoginVC.swift; sourceTree = "<group>"; };
		216D41A620E244BC0079175F /* SignUpVC.swift */ = {isa = PBXFileReference; lastKnownFileType = sourcecode.swift; path = SignUpVC.swift; sourceTree = "<group>"; };
		217251D620EF5F1800B56B80 /* Allringtonelist.swift */ = {isa = PBXFileReference; lastKnownFileType = sourcecode.swift; path = Allringtonelist.swift; sourceTree = "<group>"; };
		217251D820EF8BC500B56B80 /* TotalringtonelistCell.swift */ = {isa = PBXFileReference; lastKnownFileType = sourcecode.swift; path = TotalringtonelistCell.swift; sourceTree = "<group>"; };
		217251D920EF8BC500B56B80 /* TotalringtonelistCell.xib */ = {isa = PBXFileReference; lastKnownFileType = file.xib; path = TotalringtonelistCell.xib; sourceTree = "<group>"; };
		21A0323220F384320007D60F /* HelpVC.swift */ = {isa = PBXFileReference; lastKnownFileType = sourcecode.swift; path = HelpVC.swift; sourceTree = "<group>"; };
		21D8DD1620FC531800D50217 /* DownloadVC.swift */ = {isa = PBXFileReference; lastKnownFileType = sourcecode.swift; path = DownloadVC.swift; sourceTree = "<group>"; };
		21D8DD1820FC579500D50217 /* Downloadedringtone.swift */ = {isa = PBXFileReference; lastKnownFileType = sourcecode.swift; path = Downloadedringtone.swift; sourceTree = "<group>"; };
		21D8DD1A20FC5A2D00D50217 /* Downloadedwallpaper.swift */ = {isa = PBXFileReference; lastKnownFileType = sourcecode.swift; path = Downloadedwallpaper.swift; sourceTree = "<group>"; };
		21D8DD1C20FC9FBE00D50217 /* SetRingtoneVC.swift */ = {isa = PBXFileReference; lastKnownFileType = sourcecode.swift; path = SetRingtoneVC.swift; sourceTree = "<group>"; };
		21F9D18C20EDE6A10051A25F /* WallpaperDetilVC.swift */ = {isa = PBXFileReference; lastKnownFileType = sourcecode.swift; path = WallpaperDetilVC.swift; sourceTree = "<group>"; };
		21F9D18E20EE1D7A0051A25F /* RingtoneListVC.swift */ = {isa = PBXFileReference; lastKnownFileType = sourcecode.swift; path = RingtoneListVC.swift; sourceTree = "<group>"; };
		21F9D19020EE22870051A25F /* RIngtonelistCell.swift */ = {isa = PBXFileReference; lastKnownFileType = sourcecode.swift; path = RIngtonelistCell.swift; sourceTree = "<group>"; };
		21F9D19220EE263B0051A25F /* RingtoneCat.swift */ = {isa = PBXFileReference; lastKnownFileType = sourcecode.swift; path = RingtoneCat.swift; sourceTree = "<group>"; };
		21F9D19420EE277F0051A25F /* Ringtonelist.swift */ = {isa = PBXFileReference; lastKnownFileType = sourcecode.swift; path = Ringtonelist.swift; sourceTree = "<group>"; };
		21F9D19820EE3EA60051A25F /* Allwallpaperlist.swift */ = {isa = PBXFileReference; lastKnownFileType = sourcecode.swift; path = Allwallpaperlist.swift; sourceTree = "<group>"; };
		21F9D19A20EE4DB60051A25F /* AllwallpaperListCell.swift */ = {isa = PBXFileReference; lastKnownFileType = sourcecode.swift; path = AllwallpaperListCell.swift; sourceTree = "<group>"; };
		21F9D19B20EE4DB60051A25F /* AllwallpaperListCell.xib */ = {isa = PBXFileReference; lastKnownFileType = file.xib; path = AllwallpaperListCell.xib; sourceTree = "<group>"; };
		21FA025D20ECE9F40057442E /* WallpaperListCell.swift */ = {isa = PBXFileReference; lastKnownFileType = sourcecode.swift; path = WallpaperListCell.swift; sourceTree = "<group>"; };
		21FA025E20ECE9F40057442E /* WallpaperListCell.xib */ = {isa = PBXFileReference; lastKnownFileType = file.xib; path = WallpaperListCell.xib; sourceTree = "<group>"; };
		21FA026120ECECD00057442E /* WallpaperCategorycell.swift */ = {isa = PBXFileReference; lastKnownFileType = sourcecode.swift; path = WallpaperCategorycell.swift; sourceTree = "<group>"; };
		21FA026320ECEFAA0057442E /* WallpaperCatRes.swift */ = {isa = PBXFileReference; lastKnownFileType = sourcecode.swift; path = WallpaperCatRes.swift; sourceTree = "<group>"; };
		21FA026520ED01F20057442E /* WallpaperList.swift */ = {isa = PBXFileReference; lastKnownFileType = sourcecode.swift; path = WallpaperList.swift; sourceTree = "<group>"; };
		2A2EC979DD83E8A5F82756AE /* Pods_Walltones.framework */ = {isa = PBXFileReference; explicitFileType = wrapper.framework; includeInIndex = 0; path = Pods_Walltones.framework; sourceTree = BUILT_PRODUCTS_DIR; };
		2DCBD7C348F0FFE157E95E6B /* Pods-Walltones.release.xcconfig */ = {isa = PBXFileReference; includeInIndex = 1; lastKnownFileType = text.xcconfig; name = "Pods-Walltones.release.xcconfig"; path = "Pods/Target Support Files/Pods-Walltones/Pods-Walltones.release.xcconfig"; sourceTree = "<group>"; };
		472ED79182F726CDDFF8F7CC /* Pods_WalltonesUITests.framework */ = {isa = PBXFileReference; explicitFileType = wrapper.framework; includeInIndex = 0; path = Pods_WalltonesUITests.framework; sourceTree = BUILT_PRODUCTS_DIR; };
		7F3057E30E0B403CD77A2DC7 /* Pods_WalltonesTests.framework */ = {isa = PBXFileReference; explicitFileType = wrapper.framework; includeInIndex = 0; path = Pods_WalltonesTests.framework; sourceTree = BUILT_PRODUCTS_DIR; };
		AD21EC997DB5145E876B573C /* Pods-Walltones.debug.xcconfig */ = {isa = PBXFileReference; includeInIndex = 1; lastKnownFileType = text.xcconfig; name = "Pods-Walltones.debug.xcconfig"; path = "Pods/Target Support Files/Pods-Walltones/Pods-Walltones.debug.xcconfig"; sourceTree = "<group>"; };
		BA2DE440027DA4C2FBDD7DF7 /* Pods-WalltonesTests.release.xcconfig */ = {isa = PBXFileReference; includeInIndex = 1; lastKnownFileType = text.xcconfig; name = "Pods-WalltonesTests.release.xcconfig"; path = "Pods/Target Support Files/Pods-WalltonesTests/Pods-WalltonesTests.release.xcconfig"; sourceTree = "<group>"; };
		D6361E92D4FECB1FBF508498 /* Pods-WalltonesUITests.debug.xcconfig */ = {isa = PBXFileReference; includeInIndex = 1; lastKnownFileType = text.xcconfig; name = "Pods-WalltonesUITests.debug.xcconfig"; path = "Pods/Target Support Files/Pods-WalltonesUITests/Pods-WalltonesUITests.debug.xcconfig"; sourceTree = "<group>"; };
		DB421C7F04844700E575445D /* Pods-WalltonesUITests.release.xcconfig */ = {isa = PBXFileReference; includeInIndex = 1; lastKnownFileType = text.xcconfig; name = "Pods-WalltonesUITests.release.xcconfig"; path = "Pods/Target Support Files/Pods-WalltonesUITests/Pods-WalltonesUITests.release.xcconfig"; sourceTree = "<group>"; };
		EA10C00395EB85FDFAD30120 /* Pods-WalltonesTests.debug.xcconfig */ = {isa = PBXFileReference; includeInIndex = 1; lastKnownFileType = text.xcconfig; name = "Pods-WalltonesTests.debug.xcconfig"; path = "Pods/Target Support Files/Pods-WalltonesTests/Pods-WalltonesTests.debug.xcconfig"; sourceTree = "<group>"; };
/* End PBXFileReference section */

/* Begin PBXFrameworksBuildPhase section */
		21552DC020DB8DA3002872B3 /* Frameworks */ = {
			isa = PBXFrameworksBuildPhase;
			buildActionMask = 2147483647;
			files = (
				FE6D162FD0A5B4F5FBE795FA /* Pods_Walltones.framework in Frameworks */,
				21552E0220DB965B002872B3 /* FBSDKCoreKit.framework in Frameworks */,
				21552E0620DB9682002872B3 /* FBSDKShareKit.framework in Frameworks */,
				21552E0020DB965B002872B3 /* Bolts.framework in Frameworks */,
				21552E0120DB965B002872B3 /* FBSDKLoginKit.framework in Frameworks */,
				21552E0320DB965B002872B3 /* FBNotifications.framework in Frameworks */,
			);
			runOnlyForDeploymentPostprocessing = 0;
		};
		21552DD420DB8DA7002872B3 /* Frameworks */ = {
			isa = PBXFrameworksBuildPhase;
			buildActionMask = 2147483647;
			files = (
				D9D91ECA57A42AA099098214 /* Pods_WalltonesTests.framework in Frameworks */,
			);
			runOnlyForDeploymentPostprocessing = 0;
		};
		21552DDF20DB8DA7002872B3 /* Frameworks */ = {
			isa = PBXFrameworksBuildPhase;
			buildActionMask = 2147483647;
			files = (
				EE7003B4264760E5F5800D6F /* Pods_WalltonesUITests.framework in Frameworks */,
			);
			runOnlyForDeploymentPostprocessing = 0;
		};
/* End PBXFrameworksBuildPhase section */

/* Begin PBXGroup section */
		2145110120ECD67A00956ECC /* Sidemenu Controllers */ = {
			isa = PBXGroup;
			children = (
				2145110720ECD9FA00956ECC /* WallpaperListVC.swift */,
				21D8DD1C20FC9FBE00D50217 /* SetRingtoneVC.swift */,
				21A0323220F384320007D60F /* HelpVC.swift */,
				212FD4D520F33AB80080208C /* SettingsVC.swift */,
				21F9D18E20EE1D7A0051A25F /* RingtoneListVC.swift */,
				214DC37E20F47B81003711EC /* FavouriteListVC.swift */,
				21D8DD1620FC531800D50217 /* DownloadVC.swift */,
				2145110220ECD68F00956ECC /* sidemenuViewController.swift */,
			);
			path = "Sidemenu Controllers";
			sourceTree = "<group>";
		};
		2145110420ECD73200956ECC /* Models */ = {
			isa = PBXGroup;
			children = (
				2145110520ECD75600956ECC /* LoginResponse.swift */,
				21D8DD1A20FC5A2D00D50217 /* Downloadedwallpaper.swift */,
				21D8DD1820FC579500D50217 /* Downloadedringtone.swift */,
				214DC38020F48DFB003711EC /* FavouriteWallpaer.swift */,
				21F9D19420EE277F0051A25F /* Ringtonelist.swift */,
				217251D620EF5F1800B56B80 /* Allringtonelist.swift */,
				21F9D19820EE3EA60051A25F /* Allwallpaperlist.swift */,
				21F9D19220EE263B0051A25F /* RingtoneCat.swift */,
				21FA026320ECEFAA0057442E /* WallpaperCatRes.swift */,
				21FA026520ED01F20057442E /* WallpaperList.swift */,
				214DC38220F49868003711EC /* FavouriteRingtone.swift */,
			);
			path = Models;
			sourceTree = "<group>";
		};
		21552DBA20DB8DA3002872B3 = {
			isa = PBXGroup;
			children = (
				21552DC520DB8DA3002872B3 /* Walltones */,
				21552DDA20DB8DA7002872B3 /* WalltonesTests */,
				21552DE520DB8DA7002872B3 /* WalltonesUITests */,
				21552DC420DB8DA3002872B3 /* Products */,
				FE77169887B9A200BCF68966 /* Pods */,
				5DFD9805B256004E4A5CA9AA /* Frameworks */,
			);
			sourceTree = "<group>";
		};
		21552DC420DB8DA3002872B3 /* Products */ = {
			isa = PBXGroup;
			children = (
				21552DC320DB8DA3002872B3 /* Walltunes.app */,
				21552DD720DB8DA7002872B3 /* WalltonesTests.xctest */,
				21552DE220DB8DA7002872B3 /* WalltonesUITests.xctest */,
			);
			name = Products;
			sourceTree = "<group>";
		};
		21552DC520DB8DA3002872B3 /* Walltones */ = {
			isa = PBXGroup;
			children = (
				214510FB20ECA44B00956ECC /* Walltones.entitlements */,
				21552DC620DB8DA3002872B3 /* AppDelegate.swift */,
				21552DFA20DB9496002872B3 /* Facebooksdk */,
				21FA025C20ECE9BB0057442E /* collectionciew and tableview cells */,
				21F9D18B20EDE6670051A25F /* PopUps */,
				21552DF520DB8F7F002872B3 /* Helper */,
				2145110420ECD73200956ECC /* Models */,
				2145110120ECD67A00956ECC /* Sidemenu Controllers */,
				21552DF420DB8F6A002872B3 /* Viewcontrollers */,
				21552DCA20DB8DA3002872B3 /* Main.storyboard */,
				21552DCF20DB8DA6002872B3 /* LaunchScreen.storyboard */,
				21552DCD20DB8DA6002872B3 /* Assets.xcassets */,
				21552DD220DB8DA6002872B3 /* Info.plist */,
				21552E0720DBAACD002872B3 /* GoogleService-Info.plist */,
			);
			path = Walltones;
			sourceTree = "<group>";
		};
		21552DDA20DB8DA7002872B3 /* WalltonesTests */ = {
			isa = PBXGroup;
			children = (
				21552DDB20DB8DA7002872B3 /* WalltonesTests.swift */,
				21552DDD20DB8DA7002872B3 /* Info.plist */,
			);
			path = WalltonesTests;
			sourceTree = "<group>";
		};
		21552DE520DB8DA7002872B3 /* WalltonesUITests */ = {
			isa = PBXGroup;
			children = (
				21552DE620DB8DA7002872B3 /* WalltonesUITests.swift */,
				21552DE820DB8DA7002872B3 /* Info.plist */,
			);
			path = WalltonesUITests;
			sourceTree = "<group>";
		};
		21552DF420DB8F6A002872B3 /* Viewcontrollers */ = {
			isa = PBXGroup;
			children = (
				21552DC820DB8DA3002872B3 /* ViewController.swift */,
				21552E0920DBC82B002872B3 /* LoginVC.swift */,
				216D41A620E244BC0079175F /* SignUpVC.swift */,
			);
			path = Viewcontrollers;
			sourceTree = "<group>";
		};
		21552DF520DB8F7F002872B3 /* Helper */ = {
			isa = PBXGroup;
			children = (
				214510FE20ECD3B600956ECC /* SWRevealViewController.h */,
				214510FF20ECD3B600956ECC /* SWRevealViewController.m */,
				21552DF720DB90FE002872B3 /* Reachability.h */,
				21552DF820DB90FE002872B3 /* Reachability.m */,
				21552DF620DB90FD002872B3 /* Walltones-Bridging-Header.h */,
				214510FC20ECA97700956ECC /* webservices.swift */,
				213912DE20F7471F009AF23C /* RoundCornerProgressView.swift */,
			);
			path = Helper;
			sourceTree = "<group>";
		};
		21552DFA20DB9496002872B3 /* Facebooksdk */ = {
			isa = PBXGroup;
			children = (
				21552E0520DB9681002872B3 /* FBSDKShareKit.framework */,
				21552DFB20DB9659002872B3 /* Bolts.framework */,
				21552DFE20DB965B002872B3 /* FBNotifications.framework */,
				21552DFD20DB965A002872B3 /* FBSDKCoreKit.framework */,
				21552DFC20DB9659002872B3 /* FBSDKLoginKit.framework */,
			);
			path = Facebooksdk;
			sourceTree = "<group>";
		};
		21F9D18B20EDE6670051A25F /* PopUps */ = {
			isa = PBXGroup;
			children = (
				21F9D18C20EDE6A10051A25F /* WallpaperDetilVC.swift */,
				212FD4D720F372E90080208C /* ImagepopUP.swift */,
				212FD4D320F318350080208C /* RingtoneDetailVC.swift */,
			);
			path = PopUps;
			sourceTree = "<group>";
		};
		21FA025C20ECE9BB0057442E /* collectionciew and tableview cells */ = {
			isa = PBXGroup;
			children = (
				217251D820EF8BC500B56B80 /* TotalringtonelistCell.swift */,
				217251D920EF8BC500B56B80 /* TotalringtonelistCell.xib */,
				21F9D19A20EE4DB60051A25F /* AllwallpaperListCell.swift */,
				21F9D19B20EE4DB60051A25F /* AllwallpaperListCell.xib */,
				21F9D19020EE22870051A25F /* RIngtonelistCell.swift */,
				21FA026120ECECD00057442E /* WallpaperCategorycell.swift */,
				21FA025D20ECE9F40057442E /* WallpaperListCell.swift */,
				21FA025E20ECE9F40057442E /* WallpaperListCell.xib */,
			);
			path = "collectionciew and tableview cells";
			sourceTree = "<group>";
		};
		5DFD9805B256004E4A5CA9AA /* Frameworks */ = {
			isa = PBXGroup;
			children = (
				2A2EC979DD83E8A5F82756AE /* Pods_Walltones.framework */,
				7F3057E30E0B403CD77A2DC7 /* Pods_WalltonesTests.framework */,
				472ED79182F726CDDFF8F7CC /* Pods_WalltonesUITests.framework */,
			);
			name = Frameworks;
			sourceTree = "<group>";
		};
		FE77169887B9A200BCF68966 /* Pods */ = {
			isa = PBXGroup;
			children = (
				AD21EC997DB5145E876B573C /* Pods-Walltones.debug.xcconfig */,
				2DCBD7C348F0FFE157E95E6B /* Pods-Walltones.release.xcconfig */,
				EA10C00395EB85FDFAD30120 /* Pods-WalltonesTests.debug.xcconfig */,
				BA2DE440027DA4C2FBDD7DF7 /* Pods-WalltonesTests.release.xcconfig */,
				D6361E92D4FECB1FBF508498 /* Pods-WalltonesUITests.debug.xcconfig */,
				DB421C7F04844700E575445D /* Pods-WalltonesUITests.release.xcconfig */,
			);
			name = Pods;
			sourceTree = "<group>";
		};
/* End PBXGroup section */

/* Begin PBXNativeTarget section */
		21552DC220DB8DA3002872B3 /* Walltunes */ = {
			isa = PBXNativeTarget;
			buildConfigurationList = 21552DEB20DB8DA7002872B3 /* Build configuration list for PBXNativeTarget "Walltunes" */;
			buildPhases = (
				36DA5ACC6EE1B45358B74CDC /* [CP] Check Pods Manifest.lock */,
				21552DBF20DB8DA3002872B3 /* Sources */,
				21552DC020DB8DA3002872B3 /* Frameworks */,
				21552DC120DB8DA3002872B3 /* Resources */,
				1805A99F759770CDEA6869F5 /* [CP] Embed Pods Frameworks */,
				BE2A765CEDC3C2403109152D /* [CP] Copy Pods Resources */,
			);
			buildRules = (
			);
			dependencies = (
			);
			name = Walltunes;
			productName = Walltones;
			productReference = 21552DC320DB8DA3002872B3 /* Walltunes.app */;
			productType = "com.apple.product-type.application";
		};
		21552DD620DB8DA7002872B3 /* WalltonesTests */ = {
			isa = PBXNativeTarget;
			buildConfigurationList = 21552DEE20DB8DA7002872B3 /* Build configuration list for PBXNativeTarget "WalltonesTests" */;
			buildPhases = (
				3A4C7B9BEBCAD1E9F7C78987 /* [CP] Check Pods Manifest.lock */,
				21552DD320DB8DA7002872B3 /* Sources */,
				21552DD420DB8DA7002872B3 /* Frameworks */,
				21552DD520DB8DA7002872B3 /* Resources */,
			);
			buildRules = (
			);
			dependencies = (
				21552DD920DB8DA7002872B3 /* PBXTargetDependency */,
			);
			name = WalltonesTests;
			productName = WalltonesTests;
			productReference = 21552DD720DB8DA7002872B3 /* WalltonesTests.xctest */;
			productType = "com.apple.product-type.bundle.unit-test";
		};
		21552DE120DB8DA7002872B3 /* WalltonesUITests */ = {
			isa = PBXNativeTarget;
			buildConfigurationList = 21552DF120DB8DA7002872B3 /* Build configuration list for PBXNativeTarget "WalltonesUITests" */;
			buildPhases = (
				E773E55222D8EE24F1DE8CDD /* [CP] Check Pods Manifest.lock */,
				21552DDE20DB8DA7002872B3 /* Sources */,
				21552DDF20DB8DA7002872B3 /* Frameworks */,
				21552DE020DB8DA7002872B3 /* Resources */,
			);
			buildRules = (
			);
			dependencies = (
				21552DE420DB8DA7002872B3 /* PBXTargetDependency */,
			);
			name = WalltonesUITests;
			productName = WalltonesUITests;
			productReference = 21552DE220DB8DA7002872B3 /* WalltonesUITests.xctest */;
			productType = "com.apple.product-type.bundle.ui-testing";
		};
/* End PBXNativeTarget section */

/* Begin PBXProject section */
		21552DBB20DB8DA3002872B3 /* Project object */ = {
			isa = PBXProject;
			attributes = {
				LastSwiftUpdateCheck = 0940;
				LastUpgradeCheck = 0940;
				ORGANIZATIONNAME = "Ravi Dubey";
				TargetAttributes = {
					21552DC220DB8DA3002872B3 = {
						CreatedOnToolsVersion = 9.4.1;
						LastSwiftMigration = 0940;
						SystemCapabilities = {
							com.apple.BackgroundModes = {
								enabled = 1;
							};
							com.apple.Push = {
								enabled = 1;
							};
						};
					};
					21552DD620DB8DA7002872B3 = {
						CreatedOnToolsVersion = 9.4.1;
						TestTargetID = 21552DC220DB8DA3002872B3;
					};
					21552DE120DB8DA7002872B3 = {
						CreatedOnToolsVersion = 9.4.1;
						TestTargetID = 21552DC220DB8DA3002872B3;
					};
				};
			};
			buildConfigurationList = 21552DBE20DB8DA3002872B3 /* Build configuration list for PBXProject "Walltones" */;
			compatibilityVersion = "Xcode 9.3";
			developmentRegion = en;
			hasScannedForEncodings = 0;
			knownRegions = (
				en,
				Base,
			);
			mainGroup = 21552DBA20DB8DA3002872B3;
			productRefGroup = 21552DC420DB8DA3002872B3 /* Products */;
			projectDirPath = "";
			projectRoot = "";
			targets = (
				21552DC220DB8DA3002872B3 /* Walltunes */,
				21552DD620DB8DA7002872B3 /* WalltonesTests */,
				21552DE120DB8DA7002872B3 /* WalltonesUITests */,
			);
		};
/* End PBXProject section */

/* Begin PBXResourcesBuildPhase section */
		21552DC120DB8DA3002872B3 /* Resources */ = {
			isa = PBXResourcesBuildPhase;
			buildActionMask = 2147483647;
			files = (
				217251DB20EF8BC500B56B80 /* TotalringtonelistCell.xib in Resources */,
				21FA026020ECE9F40057442E /* WallpaperListCell.xib in Resources */,
				21552E0820DBAACD002872B3 /* GoogleService-Info.plist in Resources */,
				21552DD120DB8DA6002872B3 /* LaunchScreen.storyboard in Resources */,
				21552DCE20DB8DA6002872B3 /* Assets.xcassets in Resources */,
				21F9D19D20EE4DB60051A25F /* AllwallpaperListCell.xib in Resources */,
				21552DCC20DB8DA3002872B3 /* Main.storyboard in Resources */,
			);
			runOnlyForDeploymentPostprocessing = 0;
		};
		21552DD520DB8DA7002872B3 /* Resources */ = {
			isa = PBXResourcesBuildPhase;
			buildActionMask = 2147483647;
			files = (
			);
			runOnlyForDeploymentPostprocessing = 0;
		};
		21552DE020DB8DA7002872B3 /* Resources */ = {
			isa = PBXResourcesBuildPhase;
			buildActionMask = 2147483647;
			files = (
			);
			runOnlyForDeploymentPostprocessing = 0;
		};
/* End PBXResourcesBuildPhase section */

/* Begin PBXShellScriptBuildPhase section */
		1805A99F759770CDEA6869F5 /* [CP] Embed Pods Frameworks */ = {
			isa = PBXShellScriptBuildPhase;
			buildActionMask = 2147483647;
			files = (
			);
			inputPaths = (
				"${SRCROOT}/Pods/Target Support Files/Pods-Walltones/Pods-Walltones-frameworks.sh",
				"${BUILT_PRODUCTS_DIR}/Alamofire/Alamofire.framework",
				"${BUILT_PRODUCTS_DIR}/FSPagerView/FSPagerView.framework",
				"${BUILT_PRODUCTS_DIR}/GTMOAuth2/GTMOAuth2.framework",
				"${BUILT_PRODUCTS_DIR}/GTMSessionFetcher/GTMSessionFetcher.framework",
				"${BUILT_PRODUCTS_DIR}/GoogleToolboxForMac/GoogleToolboxForMac.framework",
				"${BUILT_PRODUCTS_DIR}/IQKeyboardManagerSwift/IQKeyboardManagerSwift.framework",
				"${BUILT_PRODUCTS_DIR}/PKHUD/PKHUD.framework",
				"${BUILT_PRODUCTS_DIR}/SDWebImage/SDWebImage.framework",
				"${BUILT_PRODUCTS_DIR}/ScrollPager/ScrollPager.framework",
			);
			name = "[CP] Embed Pods Frameworks";
			outputPaths = (
				"${TARGET_BUILD_DIR}/${FRAMEWORKS_FOLDER_PATH}/Alamofire.framework",
				"${TARGET_BUILD_DIR}/${FRAMEWORKS_FOLDER_PATH}/FSPagerView.framework",
				"${TARGET_BUILD_DIR}/${FRAMEWORKS_FOLDER_PATH}/GTMOAuth2.framework",
				"${TARGET_BUILD_DIR}/${FRAMEWORKS_FOLDER_PATH}/GTMSessionFetcher.framework",
				"${TARGET_BUILD_DIR}/${FRAMEWORKS_FOLDER_PATH}/GoogleToolboxForMac.framework",
				"${TARGET_BUILD_DIR}/${FRAMEWORKS_FOLDER_PATH}/IQKeyboardManagerSwift.framework",
				"${TARGET_BUILD_DIR}/${FRAMEWORKS_FOLDER_PATH}/PKHUD.framework",
				"${TARGET_BUILD_DIR}/${FRAMEWORKS_FOLDER_PATH}/SDWebImage.framework",
				"${TARGET_BUILD_DIR}/${FRAMEWORKS_FOLDER_PATH}/ScrollPager.framework",
			);
			runOnlyForDeploymentPostprocessing = 0;
			shellPath = /bin/sh;
			shellScript = "\"${SRCROOT}/Pods/Target Support Files/Pods-Walltones/Pods-Walltones-frameworks.sh\"\n";
			showEnvVarsInLog = 0;
		};
		36DA5ACC6EE1B45358B74CDC /* [CP] Check Pods Manifest.lock */ = {
			isa = PBXShellScriptBuildPhase;
			buildActionMask = 2147483647;
			files = (
			);
			inputPaths = (
				"${PODS_PODFILE_DIR_PATH}/Podfile.lock",
				"${PODS_ROOT}/Manifest.lock",
			);
			name = "[CP] Check Pods Manifest.lock";
			outputPaths = (
				"$(DERIVED_FILE_DIR)/Pods-Walltones-checkManifestLockResult.txt",
			);
			runOnlyForDeploymentPostprocessing = 0;
			shellPath = /bin/sh;
			shellScript = "diff \"${PODS_PODFILE_DIR_PATH}/Podfile.lock\" \"${PODS_ROOT}/Manifest.lock\" > /dev/null\nif [ $? != 0 ] ; then\n    # print error to STDERR\n    echo \"error: The sandbox is not in sync with the Podfile.lock. Run 'pod install' or update your CocoaPods installation.\" >&2\n    exit 1\nfi\n# This output is used by Xcode 'outputs' to avoid re-running this script phase.\necho \"SUCCESS\" > \"${SCRIPT_OUTPUT_FILE_0}\"\n";
			showEnvVarsInLog = 0;
		};
		3A4C7B9BEBCAD1E9F7C78987 /* [CP] Check Pods Manifest.lock */ = {
			isa = PBXShellScriptBuildPhase;
			buildActionMask = 2147483647;
			files = (
			);
			inputPaths = (
				"${PODS_PODFILE_DIR_PATH}/Podfile.lock",
				"${PODS_ROOT}/Manifest.lock",
			);
			name = "[CP] Check Pods Manifest.lock";
			outputPaths = (
				"$(DERIVED_FILE_DIR)/Pods-WalltonesTests-checkManifestLockResult.txt",
			);
			runOnlyForDeploymentPostprocessing = 0;
			shellPath = /bin/sh;
			shellScript = "diff \"${PODS_PODFILE_DIR_PATH}/Podfile.lock\" \"${PODS_ROOT}/Manifest.lock\" > /dev/null\nif [ $? != 0 ] ; then\n    # print error to STDERR\n    echo \"error: The sandbox is not in sync with the Podfile.lock. Run 'pod install' or update your CocoaPods installation.\" >&2\n    exit 1\nfi\n# This output is used by Xcode 'outputs' to avoid re-running this script phase.\necho \"SUCCESS\" > \"${SCRIPT_OUTPUT_FILE_0}\"\n";
			showEnvVarsInLog = 0;
		};
		BE2A765CEDC3C2403109152D /* [CP] Copy Pods Resources */ = {
			isa = PBXShellScriptBuildPhase;
			buildActionMask = 2147483647;
			files = (
			);
			inputPaths = (
				"${SRCROOT}/Pods/Target Support Files/Pods-Walltones/Pods-Walltones-resources.sh",
				"${PODS_ROOT}/GoogleSignIn/Resources/GoogleSignIn.bundle",
			);
			name = "[CP] Copy Pods Resources";
			outputPaths = (
				"${TARGET_BUILD_DIR}/${UNLOCALIZED_RESOURCES_FOLDER_PATH}/GoogleSignIn.bundle",
			);
			runOnlyForDeploymentPostprocessing = 0;
			shellPath = /bin/sh;
			shellScript = "\"${SRCROOT}/Pods/Target Support Files/Pods-Walltones/Pods-Walltones-resources.sh\"\n";
			showEnvVarsInLog = 0;
		};
		E773E55222D8EE24F1DE8CDD /* [CP] Check Pods Manifest.lock */ = {
			isa = PBXShellScriptBuildPhase;
			buildActionMask = 2147483647;
			files = (
			);
			inputPaths = (
				"${PODS_PODFILE_DIR_PATH}/Podfile.lock",
				"${PODS_ROOT}/Manifest.lock",
			);
			name = "[CP] Check Pods Manifest.lock";
			outputPaths = (
				"$(DERIVED_FILE_DIR)/Pods-WalltonesUITests-checkManifestLockResult.txt",
			);
			runOnlyForDeploymentPostprocessing = 0;
			shellPath = /bin/sh;
			shellScript = "diff \"${PODS_PODFILE_DIR_PATH}/Podfile.lock\" \"${PODS_ROOT}/Manifest.lock\" > /dev/null\nif [ $? != 0 ] ; then\n    # print error to STDERR\n    echo \"error: The sandbox is not in sync with the Podfile.lock. Run 'pod install' or update your CocoaPods installation.\" >&2\n    exit 1\nfi\n# This output is used by Xcode 'outputs' to avoid re-running this script phase.\necho \"SUCCESS\" > \"${SCRIPT_OUTPUT_FILE_0}\"\n";
			showEnvVarsInLog = 0;
		};
/* End PBXShellScriptBuildPhase section */

/* Begin PBXSourcesBuildPhase section */
		21552DBF20DB8DA3002872B3 /* Sources */ = {
			isa = PBXSourcesBuildPhase;
			buildActionMask = 2147483647;
			files = (
				2145110320ECD68F00956ECC /* sidemenuViewController.swift in Sources */,
				214DC38120F48DFB003711EC /* FavouriteWallpaer.swift in Sources */,
				21F9D18D20EDE6A10051A25F /* WallpaperDetilVC.swift in Sources */,
				214DC38320F49868003711EC /* FavouriteRingtone.swift in Sources */,
				21F9D19920EE3EA60051A25F /* Allwallpaperlist.swift in Sources */,
				212FD4D420F318350080208C /* RingtoneDetailVC.swift in Sources */,
				2145110020ECD3B600956ECC /* SWRevealViewController.m in Sources */,
				21552DC920DB8DA3002872B3 /* ViewController.swift in Sources */,
				21FA026420ECEFAA0057442E /* WallpaperCatRes.swift in Sources */,
				21F9D19C20EE4DB60051A25F /* AllwallpaperListCell.swift in Sources */,
				21D8DD1920FC579500D50217 /* Downloadedringtone.swift in Sources */,
				21552DF920DB90FE002872B3 /* Reachability.m in Sources */,
				212FD4D620F33AB80080208C /* SettingsVC.swift in Sources */,
				217251DA20EF8BC500B56B80 /* TotalringtonelistCell.swift in Sources */,
				21FA026220ECECD00057442E /* WallpaperCategorycell.swift in Sources */,
				217251D720EF5F1800B56B80 /* Allringtonelist.swift in Sources */,
				2145110620ECD75600956ECC /* LoginResponse.swift in Sources */,
				21552E0A20DBC82B002872B3 /* LoginVC.swift in Sources */,
				216D41A720E244BC0079175F /* SignUpVC.swift in Sources */,
				21F9D19320EE263B0051A25F /* RingtoneCat.swift in Sources */,
				21F9D18F20EE1D7A0051A25F /* RingtoneListVC.swift in Sources */,
				21F9D19520EE277F0051A25F /* Ringtonelist.swift in Sources */,
				21F9D19120EE22870051A25F /* RIngtonelistCell.swift in Sources */,
				21FA026620ED01F20057442E /* WallpaperList.swift in Sources */,
				21FA025F20ECE9F40057442E /* WallpaperListCell.swift in Sources */,
				21D8DD1B20FC5A2D00D50217 /* Downloadedwallpaper.swift in Sources */,
				214DC37F20F47B81003711EC /* FavouriteListVC.swift in Sources */,
				21D8DD1D20FC9FBE00D50217 /* SetRingtoneVC.swift in Sources */,
				213912DF20F7471F009AF23C /* RoundCornerProgressView.swift in Sources */,
				2145110820ECD9FB00956ECC /* WallpaperListVC.swift in Sources */,
				214510FD20ECA97700956ECC /* webservices.swift in Sources */,
				21D8DD1720FC531800D50217 /* DownloadVC.swift in Sources */,
				21A0323320F384320007D60F /* HelpVC.swift in Sources */,
				212FD4D820F372E90080208C /* ImagepopUP.swift in Sources */,
				21552DC720DB8DA3002872B3 /* AppDelegate.swift in Sources */,
			);
			runOnlyForDeploymentPostprocessing = 0;
		};
		21552DD320DB8DA7002872B3 /* Sources */ = {
			isa = PBXSourcesBuildPhase;
			buildActionMask = 2147483647;
			files = (
				21552DDC20DB8DA7002872B3 /* WalltonesTests.swift in Sources */,
			);
			runOnlyForDeploymentPostprocessing = 0;
		};
		21552DDE20DB8DA7002872B3 /* Sources */ = {
			isa = PBXSourcesBuildPhase;
			buildActionMask = 2147483647;
			files = (
				21552DE720DB8DA7002872B3 /* WalltonesUITests.swift in Sources */,
			);
			runOnlyForDeploymentPostprocessing = 0;
		};
/* End PBXSourcesBuildPhase section */

/* Begin PBXTargetDependency section */
		21552DD920DB8DA7002872B3 /* PBXTargetDependency */ = {
			isa = PBXTargetDependency;
			target = 21552DC220DB8DA3002872B3 /* Walltunes */;
			targetProxy = 21552DD820DB8DA7002872B3 /* PBXContainerItemProxy */;
		};
		21552DE420DB8DA7002872B3 /* PBXTargetDependency */ = {
			isa = PBXTargetDependency;
			target = 21552DC220DB8DA3002872B3 /* Walltunes */;
			targetProxy = 21552DE320DB8DA7002872B3 /* PBXContainerItemProxy */;
		};
/* End PBXTargetDependency section */

/* Begin PBXVariantGroup section */
		21552DCA20DB8DA3002872B3 /* Main.storyboard */ = {
			isa = PBXVariantGroup;
			children = (
				21552DCB20DB8DA3002872B3 /* Base */,
			);
			name = Main.storyboard;
			sourceTree = "<group>";
		};
		21552DCF20DB8DA6002872B3 /* LaunchScreen.storyboard */ = {
			isa = PBXVariantGroup;
			children = (
				21552DD020DB8DA6002872B3 /* Base */,
			);
			name = LaunchScreen.storyboard;
			sourceTree = "<group>";
		};
/* End PBXVariantGroup section */

/* Begin XCBuildConfiguration section */
		21552DE920DB8DA7002872B3 /* Debug */ = {
			isa = XCBuildConfiguration;
			buildSettings = {
				ALWAYS_SEARCH_USER_PATHS = NO;
				CLANG_ANALYZER_NONNULL = YES;
				CLANG_ANALYZER_NUMBER_OBJECT_CONVERSION = YES_AGGRESSIVE;
				CLANG_CXX_LANGUAGE_STANDARD = "gnu++14";
				CLANG_CXX_LIBRARY = "libc++";
				CLANG_ENABLE_MODULES = YES;
				CLANG_ENABLE_OBJC_ARC = YES;
				CLANG_ENABLE_OBJC_WEAK = YES;
				CLANG_WARN_BLOCK_CAPTURE_AUTORELEASING = YES;
				CLANG_WARN_BOOL_CONVERSION = YES;
				CLANG_WARN_COMMA = YES;
				CLANG_WARN_CONSTANT_CONVERSION = YES;
				CLANG_WARN_DEPRECATED_OBJC_IMPLEMENTATIONS = YES;
				CLANG_WARN_DIRECT_OBJC_ISA_USAGE = YES_ERROR;
				CLANG_WARN_DOCUMENTATION_COMMENTS = YES;
				CLANG_WARN_EMPTY_BODY = YES;
				CLANG_WARN_ENUM_CONVERSION = YES;
				CLANG_WARN_INFINITE_RECURSION = YES;
				CLANG_WARN_INT_CONVERSION = YES;
				CLANG_WARN_NON_LITERAL_NULL_CONVERSION = YES;
				CLANG_WARN_OBJC_IMPLICIT_RETAIN_SELF = YES;
				CLANG_WARN_OBJC_LITERAL_CONVERSION = YES;
				CLANG_WARN_OBJC_ROOT_CLASS = YES_ERROR;
				CLANG_WARN_RANGE_LOOP_ANALYSIS = YES;
				CLANG_WARN_STRICT_PROTOTYPES = YES;
				CLANG_WARN_SUSPICIOUS_MOVE = YES;
				CLANG_WARN_UNGUARDED_AVAILABILITY = YES_AGGRESSIVE;
				CLANG_WARN_UNREACHABLE_CODE = YES;
				CLANG_WARN__DUPLICATE_METHOD_MATCH = YES;
				CODE_SIGN_IDENTITY = "iPhone Developer";
				COPY_PHASE_STRIP = NO;
				DEBUG_INFORMATION_FORMAT = dwarf;
				ENABLE_STRICT_OBJC_MSGSEND = YES;
				ENABLE_TESTABILITY = YES;
				GCC_C_LANGUAGE_STANDARD = gnu11;
				GCC_DYNAMIC_NO_PIC = NO;
				GCC_NO_COMMON_BLOCKS = YES;
				GCC_OPTIMIZATION_LEVEL = 0;
				GCC_PREPROCESSOR_DEFINITIONS = (
					"DEBUG=1",
					"$(inherited)",
				);
				GCC_WARN_64_TO_32_BIT_CONVERSION = YES;
				GCC_WARN_ABOUT_RETURN_TYPE = YES_ERROR;
				GCC_WARN_UNDECLARED_SELECTOR = YES;
				GCC_WARN_UNINITIALIZED_AUTOS = YES_AGGRESSIVE;
				GCC_WARN_UNUSED_FUNCTION = YES;
				GCC_WARN_UNUSED_VARIABLE = YES;
				IPHONEOS_DEPLOYMENT_TARGET = 11.4;
				MTL_ENABLE_DEBUG_INFO = YES;
				ONLY_ACTIVE_ARCH = YES;
				SDKROOT = iphoneos;
				SWIFT_ACTIVE_COMPILATION_CONDITIONS = DEBUG;
				SWIFT_OPTIMIZATION_LEVEL = "-Onone";
			};
			name = Debug;
		};
		21552DEA20DB8DA7002872B3 /* Release */ = {
			isa = XCBuildConfiguration;
			buildSettings = {
				ALWAYS_SEARCH_USER_PATHS = NO;
				CLANG_ANALYZER_NONNULL = YES;
				CLANG_ANALYZER_NUMBER_OBJECT_CONVERSION = YES_AGGRESSIVE;
				CLANG_CXX_LANGUAGE_STANDARD = "gnu++14";
				CLANG_CXX_LIBRARY = "libc++";
				CLANG_ENABLE_MODULES = YES;
				CLANG_ENABLE_OBJC_ARC = YES;
				CLANG_ENABLE_OBJC_WEAK = YES;
				CLANG_WARN_BLOCK_CAPTURE_AUTORELEASING = YES;
				CLANG_WARN_BOOL_CONVERSION = YES;
				CLANG_WARN_COMMA = YES;
				CLANG_WARN_CONSTANT_CONVERSION = YES;
				CLANG_WARN_DEPRECATED_OBJC_IMPLEMENTATIONS = YES;
				CLANG_WARN_DIRECT_OBJC_ISA_USAGE = YES_ERROR;
				CLANG_WARN_DOCUMENTATION_COMMENTS = YES;
				CLANG_WARN_EMPTY_BODY = YES;
				CLANG_WARN_ENUM_CONVERSION = YES;
				CLANG_WARN_INFINITE_RECURSION = YES;
				CLANG_WARN_INT_CONVERSION = YES;
				CLANG_WARN_NON_LITERAL_NULL_CONVERSION = YES;
				CLANG_WARN_OBJC_IMPLICIT_RETAIN_SELF = YES;
				CLANG_WARN_OBJC_LITERAL_CONVERSION = YES;
				CLANG_WARN_OBJC_ROOT_CLASS = YES_ERROR;
				CLANG_WARN_RANGE_LOOP_ANALYSIS = YES;
				CLANG_WARN_STRICT_PROTOTYPES = YES;
				CLANG_WARN_SUSPICIOUS_MOVE = YES;
				CLANG_WARN_UNGUARDED_AVAILABILITY = YES_AGGRESSIVE;
				CLANG_WARN_UNREACHABLE_CODE = YES;
				CLANG_WARN__DUPLICATE_METHOD_MATCH = YES;
				CODE_SIGN_IDENTITY = "iPhone Developer";
				COPY_PHASE_STRIP = NO;
				DEBUG_INFORMATION_FORMAT = "dwarf-with-dsym";
				ENABLE_NS_ASSERTIONS = NO;
				ENABLE_STRICT_OBJC_MSGSEND = YES;
				GCC_C_LANGUAGE_STANDARD = gnu11;
				GCC_NO_COMMON_BLOCKS = YES;
				GCC_WARN_64_TO_32_BIT_CONVERSION = YES;
				GCC_WARN_ABOUT_RETURN_TYPE = YES_ERROR;
				GCC_WARN_UNDECLARED_SELECTOR = YES;
				GCC_WARN_UNINITIALIZED_AUTOS = YES_AGGRESSIVE;
				GCC_WARN_UNUSED_FUNCTION = YES;
				GCC_WARN_UNUSED_VARIABLE = YES;
				IPHONEOS_DEPLOYMENT_TARGET = 11.4;
				MTL_ENABLE_DEBUG_INFO = NO;
				SDKROOT = iphoneos;
				SWIFT_COMPILATION_MODE = wholemodule;
				SWIFT_OPTIMIZATION_LEVEL = "-O";
				VALIDATE_PRODUCT = YES;
			};
			name = Release;
		};
		21552DEC20DB8DA7002872B3 /* Debug */ = {
			isa = XCBuildConfiguration;
			baseConfigurationReference = AD21EC997DB5145E876B573C /* Pods-Walltones.debug.xcconfig */;
			buildSettings = {
				ASSETCATALOG_COMPILER_APPICON_NAME = AppIcon;
				CLANG_ENABLE_MODULES = YES;
				CODE_SIGN_ENTITLEMENTS = Walltones/Walltones.entitlements;
				CODE_SIGN_STYLE = Automatic;
				DEVELOPMENT_TEAM = 5W64V38EUB;
				FRAMEWORK_SEARCH_PATHS = (
					"$(inherited)",
					"$(PROJECT_DIR)/Walltones/Facebooksdk",
				);
				INFOPLIST_FILE = Walltones/Info.plist;
				IPHONEOS_DEPLOYMENT_TARGET = 10.0;
				LD_RUNPATH_SEARCH_PATHS = (
					"$(inherited)",
					"@executable_path/Frameworks",
				);
				PRODUCT_BUNDLE_IDENTIFIER = com.innovius.Walltones;
				PRODUCT_NAME = "$(TARGET_NAME)";
				SWIFT_OBJC_BRIDGING_HEADER = "/Users/ravidubey/Desktop/Walltones/Walltones/Helper/Walltones-Bridging-Header.h";
				SWIFT_OPTIMIZATION_LEVEL = "-Onone";
				SWIFT_VERSION = 4.0;
				TARGETED_DEVICE_FAMILY = 1;
			};
			name = Debug;
		};
		21552DED20DB8DA7002872B3 /* Release */ = {
			isa = XCBuildConfiguration;
			baseConfigurationReference = 2DCBD7C348F0FFE157E95E6B /* Pods-Walltones.release.xcconfig */;
			buildSettings = {
				ASSETCATALOG_COMPILER_APPICON_NAME = AppIcon;
				CLANG_ENABLE_MODULES = YES;
				CODE_SIGN_ENTITLEMENTS = Walltones/Walltones.entitlements;
				CODE_SIGN_STYLE = Automatic;
				DEVELOPMENT_TEAM = 5W64V38EUB;
				FRAMEWORK_SEARCH_PATHS = (
					"$(inherited)",
					"$(PROJECT_DIR)/Walltones/Facebooksdk",
				);
				INFOPLIST_FILE = Walltones/Info.plist;
				IPHONEOS_DEPLOYMENT_TARGET = 10.0;
				LD_RUNPATH_SEARCH_PATHS = (
					"$(inherited)",
					"@executable_path/Frameworks",
				);
				PRODUCT_BUNDLE_IDENTIFIER = com.innovius.Walltones;
				PRODUCT_NAME = "$(TARGET_NAME)";
				SWIFT_OBJC_BRIDGING_HEADER = "/Users/ravidubey/Desktop/Walltones/Walltones/Helper/Walltones-Bridging-Header.h";
				SWIFT_VERSION = 4.0;
				TARGETED_DEVICE_FAMILY = 1;
			};
			name = Release;
		};
		21552DEF20DB8DA7002872B3 /* Debug */ = {
			isa = XCBuildConfiguration;
			baseConfigurationReference = EA10C00395EB85FDFAD30120 /* Pods-WalltonesTests.debug.xcconfig */;
			buildSettings = {
				ALWAYS_EMBED_SWIFT_STANDARD_LIBRARIES = YES;
				BUNDLE_LOADER = "$(TEST_HOST)";
				CODE_SIGN_STYLE = Automatic;
				INFOPLIST_FILE = WalltonesTests/Info.plist;
				LD_RUNPATH_SEARCH_PATHS = (
					"$(inherited)",
					"@executable_path/Frameworks",
					"@loader_path/Frameworks",
				);
				PRODUCT_BUNDLE_IDENTIFIER = com.innovius.WalltonesTests;
				PRODUCT_NAME = "$(TARGET_NAME)";
				SWIFT_VERSION = 4.0;
				TARGETED_DEVICE_FAMILY = "1,2";
				TEST_HOST = "$(BUILT_PRODUCTS_DIR)/Walltones.app/Walltones";
			};
			name = Debug;
		};
		21552DF020DB8DA7002872B3 /* Release */ = {
			isa = XCBuildConfiguration;
			baseConfigurationReference = BA2DE440027DA4C2FBDD7DF7 /* Pods-WalltonesTests.release.xcconfig */;
			buildSettings = {
				ALWAYS_EMBED_SWIFT_STANDARD_LIBRARIES = YES;
				BUNDLE_LOADER = "$(TEST_HOST)";
				CODE_SIGN_STYLE = Automatic;
				INFOPLIST_FILE = WalltonesTests/Info.plist;
				LD_RUNPATH_SEARCH_PATHS = (
					"$(inherited)",
					"@executable_path/Frameworks",
					"@loader_path/Frameworks",
				);
				PRODUCT_BUNDLE_IDENTIFIER = com.innovius.WalltonesTests;
				PRODUCT_NAME = "$(TARGET_NAME)";
				SWIFT_VERSION = 4.0;
				TARGETED_DEVICE_FAMILY = "1,2";
				TEST_HOST = "$(BUILT_PRODUCTS_DIR)/Walltones.app/Walltones";
			};
			name = Release;
		};
		21552DF220DB8DA7002872B3 /* Debug */ = {
			isa = XCBuildConfiguration;
			baseConfigurationReference = D6361E92D4FECB1FBF508498 /* Pods-WalltonesUITests.debug.xcconfig */;
			buildSettings = {
				ALWAYS_EMBED_SWIFT_STANDARD_LIBRARIES = YES;
				CODE_SIGN_STYLE = Automatic;
				INFOPLIST_FILE = WalltonesUITests/Info.plist;
				LD_RUNPATH_SEARCH_PATHS = (
					"$(inherited)",
					"@executable_path/Frameworks",
					"@loader_path/Frameworks",
				);
				PRODUCT_BUNDLE_IDENTIFIER = com.innovius.WalltonesUITests;
				PRODUCT_NAME = "$(TARGET_NAME)";
				SWIFT_VERSION = 4.0;
				TARGETED_DEVICE_FAMILY = "1,2";
				TEST_TARGET_NAME = Walltones;
			};
			name = Debug;
		};
		21552DF320DB8DA7002872B3 /* Release */ = {
			isa = XCBuildConfiguration;
			baseConfigurationReference = DB421C7F04844700E575445D /* Pods-WalltonesUITests.release.xcconfig */;
			buildSettings = {
				ALWAYS_EMBED_SWIFT_STANDARD_LIBRARIES = YES;
				CODE_SIGN_STYLE = Automatic;
				INFOPLIST_FILE = WalltonesUITests/Info.plist;
				LD_RUNPATH_SEARCH_PATHS = (
					"$(inherited)",
					"@executable_path/Frameworks",
					"@loader_path/Frameworks",
				);
				PRODUCT_BUNDLE_IDENTIFIER = com.innovius.WalltonesUITests;
				PRODUCT_NAME = "$(TARGET_NAME)";
				SWIFT_VERSION = 4.0;
				TARGETED_DEVICE_FAMILY = "1,2";
				TEST_TARGET_NAME = Walltones;
			};
			name = Release;
		};
/* End XCBuildConfiguration section */

/* Begin XCConfigurationList section */
		21552DBE20DB8DA3002872B3 /* Build configuration list for PBXProject "Walltones" */ = {
			isa = XCConfigurationList;
			buildConfigurations = (
				21552DE920DB8DA7002872B3 /* Debug */,
				21552DEA20DB8DA7002872B3 /* Release */,
			);
			defaultConfigurationIsVisible = 0;
			defaultConfigurationName = Release;
		};
		21552DEB20DB8DA7002872B3 /* Build configuration list for PBXNativeTarget "Walltunes" */ = {
			isa = XCConfigurationList;
			buildConfigurations = (
				21552DEC20DB8DA7002872B3 /* Debug */,
				21552DED20DB8DA7002872B3 /* Release */,
			);
			defaultConfigurationIsVisible = 0;
			defaultConfigurationName = Release;
		};
		21552DEE20DB8DA7002872B3 /* Build configuration list for PBXNativeTarget "WalltonesTests" */ = {
			isa = XCConfigurationList;
			buildConfigurations = (
				21552DEF20DB8DA7002872B3 /* Debug */,
				21552DF020DB8DA7002872B3 /* Release */,
			);
			defaultConfigurationIsVisible = 0;
			defaultConfigurationName = Release;
		};
		21552DF120DB8DA7002872B3 /* Build configuration list for PBXNativeTarget "WalltonesUITests" */ = {
			isa = XCConfigurationList;
			buildConfigurations = (
				21552DF220DB8DA7002872B3 /* Debug */,
				21552DF320DB8DA7002872B3 /* Release */,
			);
			defaultConfigurationIsVisible = 0;
			defaultConfigurationName = Release;
		};
/* End XCConfigurationList section */
	};
	rootObject = 21552DBB20DB8DA3002872B3 /* Project object */;
}
