// !$*UTF8*$!
{
	archiveVersion = 1;
	classes = {
	};
	objectVersion = 50;
	objects = {

/* Begin PBXBuildFile section */
		21552DC720DB8DA3002872B3 /* AppDelegate.swift in Sources */ = {isa = PBXBuildFile; fileRef = 21552DC620DB8DA3002872B3 /* AppDelegate.swift */; };
		21552DC920DB8DA3002872B3 /* ViewController.swift in Sources */ = {isa = PBXBuildFile; fileRef = 21552DC820DB8DA3002872B3 /* ViewController.swift */; };
		21552DCC20DB8DA3002872B3 /* Main.storyboard in Resources */ = {isa = PBXBuildFile; fileRef = 21552DCA20DB8DA3002872B3 /* Main.storyboard */; };
		21552DCE20DB8DA6002872B3 /* Assets.xcassets in Resources */ = {isa = PBXBuildFile; fileRef = 21552DCD20DB8DA6002872B3 /* Assets.xcassets */; };
		21552DD120DB8DA6002872B3 /* LaunchScreen.storyboard in Resources */ = {isa = PBXBuildFile; fileRef = 21552DCF20DB8DA6002872B3 /* LaunchScreen.storyboard */; };
		21552DDC20DB8DA7002872B3 /* WalltonesTests.swift in Sources */ = {isa = PBXBuildFile; fileRef = 21552DDB20DB8DA7002872B3 /* WalltonesTests.swift */; };
		21552DE720DB8DA7002872B3 /* WalltonesUITests.swift in Sources */ = {isa = PBXBuildFile; fileRef = 21552DE620DB8DA7002872B3 /* WalltonesUITests.swift */; };
/* End PBXBuildFile section */

/* Begin PBXContainerItemProxy section */
		21552DD820DB8DA7002872B3 /* PBXContainerItemProxy */ = {
			isa = PBXContainerItemProxy;
			containerPortal = 21552DBB20DB8DA3002872B3 /* Project object */;
			proxyType = 1;
			remoteGlobalIDString = 21552DC220DB8DA3002872B3;
			remoteInfo = Walltones;
		};
		21552DE320DB8DA7002872B3 /* PBXContainerItemProxy */ = {
			isa = PBXContainerItemProxy;
			containerPortal = 21552DBB20DB8DA3002872B3 /* Project object */;
			proxyType = 1;
			remoteGlobalIDString = 21552DC220DB8DA3002872B3;
			remoteInfo = Walltones;
		};
/* End PBXContainerItemProxy section */

/* Begin PBXFileReference section */
		21552DC320DB8DA3002872B3 /* Walltones.app */ = {isa = PBXFileReference; explicitFileType = wrapper.application; includeInIndex = 0; path = Walltones.app; sourceTree = BUILT_PRODUCTS_DIR; };
		21552DC620DB8DA3002872B3 /* AppDelegate.swift */ = {isa = PBXFileReference; lastKnownFileType = sourcecode.swift; path = AppDelegate.swift; sourceTree = "<group>"; };
		21552DC820DB8DA3002872B3 /* ViewController.swift */ = {isa = PBXFileReference; lastKnownFileType = sourcecode.swift; path = ViewController.swift; sourceTree = "<group>"; };
		21552DCB20DB8DA3002872B3 /* Base */ = {isa = PBXFileReference; lastKnownFileType = file.storyboard; name = Base; path = Base.lproj/Main.storyboard; sourceTree = "<group>"; };
		21552DCD20DB8DA6002872B3 /* Assets.xcassets */ = {isa = PBXFileReference; lastKnownFileType = folder.assetcatalog; path = Assets.xcassets; sourceTree = "<group>"; };
		21552DD020DB8DA6002872B3 /* Base */ = {isa = PBXFileReference; lastKnownFileType = file.storyboard; name = Base; path = Base.lproj/LaunchScreen.storyboard; sourceTree = "<group>"; };
		21552DD220DB8DA6002872B3 /* Info.plist */ = {isa = PBXFileReference; lastKnownFileType = text.plist.xml; path = Info.plist; sourceTree = "<group>"; };
		21552DD720DB8DA7002872B3 /* WalltonesTests.xctest */ = {isa = PBXFileReference; explicitFileType = wrapper.cfbundle; includeInIndex = 0; path = WalltonesTests.xctest; sourceTree = BUILT_PRODUCTS_DIR; };
		21552DDB20DB8DA7002872B3 /* WalltonesTests.swift */ = {isa = PBXFileReference; lastKnownFileType = sourcecode.swift; path = WalltonesTests.swift; sourceTree = "<group>"; };
		21552DDD20DB8DA7002872B3 /* Info.plist */ = {isa = PBXFileReference; lastKnownFileType = text.plist.xml; path = Info.plist; sourceTree = "<group>"; };
		21552DE220DB8DA7002872B3 /* WalltonesUITests.xctest */ = {isa = PBXFileReference; explicitFileType = wrapper.cfbundle; includeInIndex = 0; path = WalltonesUITests.xctest; sourceTree = BUILT_PRODUCTS_DIR; };
		21552DE620DB8DA7002872B3 /* WalltonesUITests.swift */ = {isa = PBXFileReference; lastKnownFileType = sourcecode.swift; path = WalltonesUITests.swift; sourceTree = "<group>"; };
		21552DE820DB8DA7002872B3 /* Info.plist */ = {isa = PBXFileReference; lastKnownFileType = text.plist.xml; path = Info.plist; sourceTree = "<group>"; };
/* End PBXFileReference section */

/* Begin PBXFrameworksBuildPhase section */
		21552DC020DB8DA3002872B3 /* Frameworks */ = {
			isa = PBXFrameworksBuildPhase;
			buildActionMask = 2147483647;
			files = (
			);
			runOnlyForDeploymentPostprocessing = 0;
		};
		21552DD420DB8DA7002872B3 /* Frameworks */ = {
			isa = PBXFrameworksBuildPhase;
			buildActionMask = 2147483647;
			files = (
			);
			runOnlyForDeploymentPostprocessing = 0;
		};
		21552DDF20DB8DA7002872B3 /* Frameworks */ = {
			isa = PBXFrameworksBuildPhase;
			buildActionMask = 2147483647;
			files = (
			);
			runOnlyForDeploymentPostprocessing = 0;
		};
/* End PBXFrameworksBuildPhase section */

/* Begin PBXGroup section */
		21552DBA20DB8DA3002872B3 = {
			isa = PBXGroup;
			children = (
				21552DC520DB8DA3002872B3 /* Walltones */,
				21552DDA20DB8DA7002872B3 /* WalltonesTests */,
				21552DE520DB8DA7002872B3 /* WalltonesUITests */,
				21552DC420DB8DA3002872B3 /* Products */,
			);
			sourceTree = "<group>";
		};
		21552DC420DB8DA3002872B3 /* Products */ = {
			isa = PBXGroup;
			children = (
				21552DC320DB8DA3002872B3 /* Walltones.app */,
				21552DD720DB8DA7002872B3 /* WalltonesTests.xctest */,
				21552DE220DB8DA7002872B3 /* WalltonesUITests.xctest */,
			);
			name = Products;
			sourceTree = "<group>";
		};
		21552DC520DB8DA3002872B3 /* Walltones */ = {
			isa = PBXGroup;
			children = (
				21552DC620DB8DA3002872B3 /* AppDelegate.swift */,
				21552DC820DB8DA3002872B3 /* ViewController.swift */,
				21552DCA20DB8DA3002872B3 /* Main.storyboard */,
				21552DCD20DB8DA6002872B3 /* Assets.xcassets */,
				21552DCF20DB8DA6002872B3 /* LaunchScreen.storyboard */,
				21552DD220DB8DA6002872B3 /* Info.plist */,
			);
			path = Walltones;
			sourceTree = "<group>";
		};
		21552DDA20DB8DA7002872B3 /* WalltonesTests */ = {
			isa = PBXGroup;
			children = (
				21552DDB20DB8DA7002872B3 /* WalltonesTests.swift */,
				21552DDD20DB8DA7002872B3 /* Info.plist */,
			);
			path = WalltonesTests;
			sourceTree = "<group>";
		};
		21552DE520DB8DA7002872B3 /* WalltonesUITests */ = {
			isa = PBXGroup;
			children = (
				21552DE620DB8DA7002872B3 /* WalltonesUITests.swift */,
				21552DE820DB8DA7002872B3 /* Info.plist */,
			);
			path = WalltonesUITests;
			sourceTree = "<group>";
		};
/* End PBXGroup section */

/* Begin PBXNativeTarget section */
		21552DC220DB8DA3002872B3 /* Walltones */ = {
			isa = PBXNativeTarget;
			buildConfigurationList = 21552DEB20DB8DA7002872B3 /* Build configuration list for PBXNativeTarget "Walltones" */;
			buildPhases = (
				21552DBF20DB8DA3002872B3 /* Sources */,
				21552DC020DB8DA3002872B3 /* Frameworks */,
				21552DC120DB8DA3002872B3 /* Resources */,
			);
			buildRules = (
			);
			dependencies = (
			);
			name = Walltones;
			productName = Walltones;
			productReference = 21552DC320DB8DA3002872B3 /* Walltones.app */;
			productType = "com.apple.product-type.application";
		};
		21552DD620DB8DA7002872B3 /* WalltonesTests */ = {
			isa = PBXNativeTarget;
			buildConfigurationList = 21552DEE20DB8DA7002872B3 /* Build configuration list for PBXNativeTarget "WalltonesTests" */;
			buildPhases = (
				21552DD320DB8DA7002872B3 /* Sources */,
				21552DD420DB8DA7002872B3 /* Frameworks */,
				21552DD520DB8DA7002872B3 /* Resources */,
			);
			buildRules = (
			);
			dependencies = (
				21552DD920DB8DA7002872B3 /* PBXTargetDependency */,
			);
			name = WalltonesTests;
			productName = WalltonesTests;
			productReference = 21552DD720DB8DA7002872B3 /* WalltonesTests.xctest */;
			productType = "com.apple.product-type.bundle.unit-test";
		};
		21552DE120DB8DA7002872B3 /* WalltonesUITests */ = {
			isa = PBXNativeTarget;
			buildConfigurationList = 21552DF120DB8DA7002872B3 /* Build configuration list for PBXNativeTarget "WalltonesUITests" */;
			buildPhases = (
				21552DDE20DB8DA7002872B3 /* Sources */,
				21552DDF20DB8DA7002872B3 /* Frameworks */,
				21552DE020DB8DA7002872B3 /* Resources */,
			);
			buildRules = (
			);
			dependencies = (
				21552DE420DB8DA7002872B3 /* PBXTargetDependency */,
			);
			name = WalltonesUITests;
			productName = WalltonesUITests;
			productReference = 21552DE220DB8DA7002872B3 /* WalltonesUITests.xctest */;
			productType = "com.apple.product-type.bundle.ui-testing";
		};
/* End PBXNativeTarget section */

/* Begin PBXProject section */
		21552DBB20DB8DA3002872B3 /* Project object */ = {
			isa = PBXProject;
			attributes = {
				LastSwiftUpdateCheck = 0940;
				LastUpgradeCheck = 0940;
				ORGANIZATIONNAME = "Ravi Dubey";
				TargetAttributes = {
					21552DC220DB8DA3002872B3 = {
						CreatedOnToolsVersion = 9.4.1;
					};
					21552DD620DB8DA7002872B3 = {
						CreatedOnToolsVersion = 9.4.1;
						TestTargetID = 21552DC220DB8DA3002872B3;
					};
					21552DE120DB8DA7002872B3 = {
						CreatedOnToolsVersion = 9.4.1;
						TestTargetID = 21552DC220DB8DA3002872B3;
					};
				};
			};
			buildConfigurationList = 21552DBE20DB8DA3002872B3 /* Build configuration list for PBXProject "Walltones" */;
			compatibilityVersion = "Xcode 9.3";
			developmentRegion = en;
			hasScannedForEncodings = 0;
			knownRegions = (
				en,
				Base,
			);
			mainGroup = 21552DBA20DB8DA3002872B3;
			productRefGroup = 21552DC420DB8DA3002872B3 /* Products */;
			projectDirPath = "";
			projectRoot = "";
			targets = (
				21552DC220DB8DA3002872B3 /* Walltones */,
				21552DD620DB8DA7002872B3 /* WalltonesTests */,
				21552DE120DB8DA7002872B3 /* WalltonesUITests */,
			);
		};
/* End PBXProject section */

/* Begin PBXResourcesBuildPhase section */
		21552DC120DB8DA3002872B3 /* Resources */ = {
			isa = PBXResourcesBuildPhase;
			buildActionMask = 2147483647;
			files = (
				21552DD120DB8DA6002872B3 /* LaunchScreen.storyboard in Resources */,
				21552DCE20DB8DA6002872B3 /* Assets.xcassets in Resources */,
				21552DCC20DB8DA3002872B3 /* Main.storyboard in Resources */,
			);
			runOnlyForDeploymentPostprocessing = 0;
		};
		21552DD520DB8DA7002872B3 /* Resources */ = {
			isa = PBXResourcesBuildPhase;
			buildActionMask = 2147483647;
			files = (
			);
			runOnlyForDeploymentPostprocessing = 0;
		};
		21552DE020DB8DA7002872B3 /* Resources */ = {
			isa = PBXResourcesBuildPhase;
			buildActionMask = 2147483647;
			files = (
			);
			runOnlyForDeploymentPostprocessing = 0;
		};
/* End PBXResourcesBuildPhase section */

/* Begin PBXSourcesBuildPhase section */
		21552DBF20DB8DA3002872B3 /* Sources */ = {
			isa = PBXSourcesBuildPhase;
			buildActionMask = 2147483647;
			files = (
				21552DC920DB8DA3002872B3 /* ViewController.swift in Sources */,
				21552DC720DB8DA3002872B3 /* AppDelegate.swift in Sources */,
			);
			runOnlyForDeploymentPostprocessing = 0;
		};
		21552DD320DB8DA7002872B3 /* Sources */ = {
			isa = PBXSourcesBuildPhase;
			buildActionMask = 2147483647;
			files = (
				21552DDC20DB8DA7002872B3 /* WalltonesTests.swift in Sources */,
			);
			runOnlyForDeploymentPostprocessing = 0;
		};
		21552DDE20DB8DA7002872B3 /* Sources */ = {
			isa = PBXSourcesBuildPhase;
			buildActionMask = 2147483647;
			files = (
				21552DE720DB8DA7002872B3 /* WalltonesUITests.swift in Sources */,
			);
			runOnlyForDeploymentPostprocessing = 0;
		};
/* End PBXSourcesBuildPhase section */

/* Begin PBXTargetDependency section */
		21552DD920DB8DA7002872B3 /* PBXTargetDependency */ = {
			isa = PBXTargetDependency;
			target = 21552DC220DB8DA3002872B3 /* Walltones */;
			targetProxy = 21552DD820DB8DA7002872B3 /* PBXContainerItemProxy */;
		};
		21552DE420DB8DA7002872B3 /* PBXTargetDependency */ = {
			isa = PBXTargetDependency;
			target = 21552DC220DB8DA3002872B3 /* Walltones */;
			targetProxy = 21552DE320DB8DA7002872B3 /* PBXContainerItemProxy */;
		};
/* End PBXTargetDependency section */

/* Begin PBXVariantGroup section */
		21552DCA20DB8DA3002872B3 /* Main.storyboard */ = {
			isa = PBXVariantGroup;
			children = (
				21552DCB20DB8DA3002872B3 /* Base */,
			);
			name = Main.storyboard;
			sourceTree = "<group>";
		};
		21552DCF20DB8DA6002872B3 /* LaunchScreen.storyboard */ = {
			isa = PBXVariantGroup;
			children = (
				21552DD020DB8DA6002872B3 /* Base */,
			);
			name = LaunchScreen.storyboard;
			sourceTree = "<group>";
		};
/* End PBXVariantGroup section */

/* Begin XCBuildConfiguration section */
		21552DE920DB8DA7002872B3 /* Debug */ = {
			isa = XCBuildConfiguration;
			buildSettings = {
				ALWAYS_SEARCH_USER_PATHS = NO;
				CLANG_ANALYZER_NONNULL = YES;
				CLANG_ANALYZER_NUMBER_OBJECT_CONVERSION = YES_AGGRESSIVE;
				CLANG_CXX_LANGUAGE_STANDARD = "gnu++14";
				CLANG_CXX_LIBRARY = "libc++";
				CLANG_ENABLE_MODULES = YES;
				CLANG_ENABLE_OBJC_ARC = YES;
				CLANG_ENABLE_OBJC_WEAK = YES;
				CLANG_WARN_BLOCK_CAPTURE_AUTORELEASING = YES;
				CLANG_WARN_BOOL_CONVERSION = YES;
				CLANG_WARN_COMMA = YES;
				CLANG_WARN_CONSTANT_CONVERSION = YES;
				CLANG_WARN_DEPRECATED_OBJC_IMPLEMENTATIONS = YES;
				CLANG_WARN_DIRECT_OBJC_ISA_USAGE = YES_ERROR;
				CLANG_WARN_DOCUMENTATION_COMMENTS = YES;
				CLANG_WARN_EMPTY_BODY = YES;
				CLANG_WARN_ENUM_CONVERSION = YES;
				CLANG_WARN_INFINITE_RECURSION = YES;
				CLANG_WARN_INT_CONVERSION = YES;
				CLANG_WARN_NON_LITERAL_NULL_CONVERSION = YES;
				CLANG_WARN_OBJC_IMPLICIT_RETAIN_SELF = YES;
				CLANG_WARN_OBJC_LITERAL_CONVERSION = YES;
				CLANG_WARN_OBJC_ROOT_CLASS = YES_ERROR;
				CLANG_WARN_RANGE_LOOP_ANALYSIS = YES;
				CLANG_WARN_STRICT_PROTOTYPES = YES;
				CLANG_WARN_SUSPICIOUS_MOVE = YES;
				CLANG_WARN_UNGUARDED_AVAILABILITY = YES_AGGRESSIVE;
				CLANG_WARN_UNREACHABLE_CODE = YES;
				CLANG_WARN__DUPLICATE_METHOD_MATCH = YES;
				CODE_SIGN_IDENTITY = "iPhone Developer";
				COPY_PHASE_STRIP = NO;
				DEBUG_INFORMATION_FORMAT = dwarf;
				ENABLE_STRICT_OBJC_MSGSEND = YES;
				ENABLE_TESTABILITY = YES;
				GCC_C_LANGUAGE_STANDARD = gnu11;
				GCC_DYNAMIC_NO_PIC = NO;
				GCC_NO_COMMON_BLOCKS = YES;
				GCC_OPTIMIZATION_LEVEL = 0;
				GCC_PREPROCESSOR_DEFINITIONS = (
					"DEBUG=1",
					"$(inherited)",
				);
				GCC_WARN_64_TO_32_BIT_CONVERSION = YES;
				GCC_WARN_ABOUT_RETURN_TYPE = YES_ERROR;
				GCC_WARN_UNDECLARED_SELECTOR = YES;
				GCC_WARN_UNINITIALIZED_AUTOS = YES_AGGRESSIVE;
				GCC_WARN_UNUSED_FUNCTION = YES;
				GCC_WARN_UNUSED_VARIABLE = YES;
				IPHONEOS_DEPLOYMENT_TARGET = 11.4;
				MTL_ENABLE_DEBUG_INFO = YES;
				ONLY_ACTIVE_ARCH = YES;
				SDKROOT = iphoneos;
				SWIFT_ACTIVE_COMPILATION_CONDITIONS = DEBUG;
				SWIFT_OPTIMIZATION_LEVEL = "-Onone";
			};
			name = Debug;
		};
		21552DEA20DB8DA7002872B3 /* Release */ = {
			isa = XCBuildConfiguration;
			buildSettings = {
				ALWAYS_SEARCH_USER_PATHS = NO;
				CLANG_ANALYZER_NONNULL = YES;
				CLANG_ANALYZER_NUMBER_OBJECT_CONVERSION = YES_AGGRESSIVE;
				CLANG_CXX_LANGUAGE_STANDARD = "gnu++14";
				CLANG_CXX_LIBRARY = "libc++";
				CLANG_ENABLE_MODULES = YES;
				CLANG_ENABLE_OBJC_ARC = YES;
				CLANG_ENABLE_OBJC_WEAK = YES;
				CLANG_WARN_BLOCK_CAPTURE_AUTORELEASING = YES;
				CLANG_WARN_BOOL_CONVERSION = YES;
				CLANG_WARN_COMMA = YES;
				CLANG_WARN_CONSTANT_CONVERSION = YES;
				CLANG_WARN_DEPRECATED_OBJC_IMPLEMENTATIONS = YES;
				CLANG_WARN_DIRECT_OBJC_ISA_USAGE = YES_ERROR;
				CLANG_WARN_DOCUMENTATION_COMMENTS = YES;
				CLANG_WARN_EMPTY_BODY = YES;
				CLANG_WARN_ENUM_CONVERSION = YES;
				CLANG_WARN_INFINITE_RECURSION = YES;
				CLANG_WARN_INT_CONVERSION = YES;
				CLANG_WARN_NON_LITERAL_NULL_CONVERSION = YES;
				CLANG_WARN_OBJC_IMPLICIT_RETAIN_SELF = YES;
				CLANG_WARN_OBJC_LITERAL_CONVERSION = YES;
				CLANG_WARN_OBJC_ROOT_CLASS = YES_ERROR;
				CLANG_WARN_RANGE_LOOP_ANALYSIS = YES;
				CLANG_WARN_STRICT_PROTOTYPES = YES;
				CLANG_WARN_SUSPICIOUS_MOVE = YES;
				CLANG_WARN_UNGUARDED_AVAILABILITY = YES_AGGRESSIVE;
				CLANG_WARN_UNREACHABLE_CODE = YES;
				CLANG_WARN__DUPLICATE_METHOD_MATCH = YES;
				CODE_SIGN_IDENTITY = "iPhone Developer";
				COPY_PHASE_STRIP = NO;
				DEBUG_INFORMATION_FORMAT = "dwarf-with-dsym";
				ENABLE_NS_ASSERTIONS = NO;
				ENABLE_STRICT_OBJC_MSGSEND = YES;
				GCC_C_LANGUAGE_STANDARD = gnu11;
				GCC_NO_COMMON_BLOCKS = YES;
				GCC_WARN_64_TO_32_BIT_CONVERSION = YES;
				GCC_WARN_ABOUT_RETURN_TYPE = YES_ERROR;
				GCC_WARN_UNDECLARED_SELECTOR = YES;
				GCC_WARN_UNINITIALIZED_AUTOS = YES_AGGRESSIVE;
				GCC_WARN_UNUSED_FUNCTION = YES;
				GCC_WARN_UNUSED_VARIABLE = YES;
				IPHONEOS_DEPLOYMENT_TARGET = 11.4;
				MTL_ENABLE_DEBUG_INFO = NO;
				SDKROOT = iphoneos;
				SWIFT_COMPILATION_MODE = wholemodule;
				SWIFT_OPTIMIZATION_LEVEL = "-O";
				VALIDATE_PRODUCT = YES;
			};
			name = Release;
		};
		21552DEC20DB8DA7002872B3 /* Debug */ = {
			isa = XCBuildConfiguration;
			buildSettings = {
				ASSETCATALOG_COMPILER_APPICON_NAME = AppIcon;
				CODE_SIGN_STYLE = Automatic;
				INFOPLIST_FILE = Walltones/Info.plist;
				LD_RUNPATH_SEARCH_PATHS = (
					"$(inherited)",
					"@executable_path/Frameworks",
				);
				PRODUCT_BUNDLE_IDENTIFIER = com.innovius.Walltones;
				PRODUCT_NAME = "$(TARGET_NAME)";
				SWIFT_VERSION = 4.0;
				TARGETED_DEVICE_FAMILY = "1,2";
			};
			name = Debug;
		};
		21552DED20DB8DA7002872B3 /* Release */ = {
			isa = XCBuildConfiguration;
			buildSettings = {
				ASSETCATALOG_COMPILER_APPICON_NAME = AppIcon;
				CODE_SIGN_STYLE = Automatic;
				INFOPLIST_FILE = Walltones/Info.plist;
				LD_RUNPATH_SEARCH_PATHS = (
					"$(inherited)",
					"@executable_path/Frameworks",
				);
				PRODUCT_BUNDLE_IDENTIFIER = com.innovius.Walltones;
				PRODUCT_NAME = "$(TARGET_NAME)";
				SWIFT_VERSION = 4.0;
				TARGETED_DEVICE_FAMILY = "1,2";
			};
			name = Release;
		};
		21552DEF20DB8DA7002872B3 /* Debug */ = {
			isa = XCBuildConfiguration;
			buildSettings = {
				ALWAYS_EMBED_SWIFT_STANDARD_LIBRARIES = YES;
				BUNDLE_LOADER = "$(TEST_HOST)";
				CODE_SIGN_STYLE = Automatic;
				INFOPLIST_FILE = WalltonesTests/Info.plist;
				LD_RUNPATH_SEARCH_PATHS = (
					"$(inherited)",
					"@executable_path/Frameworks",
					"@loader_path/Frameworks",
				);
				PRODUCT_BUNDLE_IDENTIFIER = com.innovius.WalltonesTests;
				PRODUCT_NAME = "$(TARGET_NAME)";
				SWIFT_VERSION = 4.0;
				TARGETED_DEVICE_FAMILY = "1,2";
				TEST_HOST = "$(BUILT_PRODUCTS_DIR)/Walltones.app/Walltones";
			};
			name = Debug;
		};
		21552DF020DB8DA7002872B3 /* Release */ = {
			isa = XCBuildConfiguration;
			buildSettings = {
				ALWAYS_EMBED_SWIFT_STANDARD_LIBRARIES = YES;
				BUNDLE_LOADER = "$(TEST_HOST)";
				CODE_SIGN_STYLE = Automatic;
				INFOPLIST_FILE = WalltonesTests/Info.plist;
				LD_RUNPATH_SEARCH_PATHS = (
					"$(inherited)",
					"@executable_path/Frameworks",
					"@loader_path/Frameworks",
				);
				PRODUCT_BUNDLE_IDENTIFIER = com.innovius.WalltonesTests;
				PRODUCT_NAME = "$(TARGET_NAME)";
				SWIFT_VERSION = 4.0;
				TARGETED_DEVICE_FAMILY = "1,2";
				TEST_HOST = "$(BUILT_PRODUCTS_DIR)/Walltones.app/Walltones";
			};
			name = Release;
		};
		21552DF220DB8DA7002872B3 /* Debug */ = {
			isa = XCBuildConfiguration;
			buildSettings = {
				ALWAYS_EMBED_SWIFT_STANDARD_LIBRARIES = YES;
				CODE_SIGN_STYLE = Automatic;
				INFOPLIST_FILE = WalltonesUITests/Info.plist;
				LD_RUNPATH_SEARCH_PATHS = (
					"$(inherited)",
					"@executable_path/Frameworks",
					"@loader_path/Frameworks",
				);
				PRODUCT_BUNDLE_IDENTIFIER = com.innovius.WalltonesUITests;
				PRODUCT_NAME = "$(TARGET_NAME)";
				SWIFT_VERSION = 4.0;
				TARGETED_DEVICE_FAMILY = "1,2";
				TEST_TARGET_NAME = Walltones;
			};
			name = Debug;
		};
		21552DF320DB8DA7002872B3 /* Release */ = {
			isa = XCBuildConfiguration;
			buildSettings = {
				ALWAYS_EMBED_SWIFT_STANDARD_LIBRARIES = YES;
				CODE_SIGN_STYLE = Automatic;
				INFOPLIST_FILE = WalltonesUITests/Info.plist;
				LD_RUNPATH_SEARCH_PATHS = (
					"$(inherited)",
					"@executable_path/Frameworks",
					"@loader_path/Frameworks",
				);
				PRODUCT_BUNDLE_IDENTIFIER = com.innovius.WalltonesUITests;
				PRODUCT_NAME = "$(TARGET_NAME)";
				SWIFT_VERSION = 4.0;
				TARGETED_DEVICE_FAMILY = "1,2";
				TEST_TARGET_NAME = Walltones;
			};
			name = Release;
		};
/* End XCBuildConfiguration section */

/* Begin XCConfigurationList section */
		21552DBE20DB8DA3002872B3 /* Build configuration list for PBXProject "Walltones" */ = {
			isa = XCConfigurationList;
			buildConfigurations = (
				21552DE920DB8DA7002872B3 /* Debug */,
				21552DEA20DB8DA7002872B3 /* Release */,
			);
			defaultConfigurationIsVisible = 0;
			defaultConfigurationName = Release;
		};
		21552DEB20DB8DA7002872B3 /* Build configuration list for PBXNativeTarget "Walltones" */ = {
			isa = XCConfigurationList;
			buildConfigurations = (
				21552DEC20DB8DA7002872B3 /* Debug */,
				21552DED20DB8DA7002872B3 /* Release */,
			);
			defaultConfigurationIsVisible = 0;
			defaultConfigurationName = Release;
		};
		21552DEE20DB8DA7002872B3 /* Build configuration list for PBXNativeTarget "WalltonesTests" */ = {
			isa = XCConfigurationList;
			buildConfigurations = (
				21552DEF20DB8DA7002872B3 /* Debug */,
				21552DF020DB8DA7002872B3 /* Release */,
			);
			defaultConfigurationIsVisible = 0;
			defaultConfigurationName = Release;
		};
		21552DF120DB8DA7002872B3 /* Build configuration list for PBXNativeTarget "WalltonesUITests" */ = {
			isa = XCConfigurationList;
			buildConfigurations = (
				21552DF220DB8DA7002872B3 /* Debug */,
				21552DF320DB8DA7002872B3 /* Release */,
			);
			defaultConfigurationIsVisible = 0;
			defaultConfigurationName = Release;
		};
/* End XCConfigurationList section */
	};
	rootObject = 21552DBB20DB8DA3002872B3 /* Project object */;
}
